// !$*UTF8*$!
{
	archiveVersion = 1;
	classes = {
	};
	objectVersion = 46;
	objects = {

/* Begin PBXBuildFile section */
		00C302E51ABCBA2D00DB3ED1 /* libRCTActionSheet.a in Frameworks */ = {isa = PBXBuildFile; fileRef = 00C302AC1ABCB8CE00DB3ED1 /* libRCTActionSheet.a */; };
		00C302E71ABCBA2D00DB3ED1 /* libRCTGeolocation.a in Frameworks */ = {isa = PBXBuildFile; fileRef = 00C302BA1ABCB90400DB3ED1 /* libRCTGeolocation.a */; };
		00C302E81ABCBA2D00DB3ED1 /* libRCTImage.a in Frameworks */ = {isa = PBXBuildFile; fileRef = 00C302C01ABCB91800DB3ED1 /* libRCTImage.a */; };
		00C302E91ABCBA2D00DB3ED1 /* libRCTNetwork.a in Frameworks */ = {isa = PBXBuildFile; fileRef = 00C302DC1ABCB9D200DB3ED1 /* libRCTNetwork.a */; };
		00C302EA1ABCBA2D00DB3ED1 /* libRCTVibration.a in Frameworks */ = {isa = PBXBuildFile; fileRef = 00C302E41ABCB9EE00DB3ED1 /* libRCTVibration.a */; };
		022C2554B5E342D9812AEAA1 /* ProximaNovaSoft-Medium.ttf in Resources */ = {isa = PBXBuildFile; fileRef = 74BBFF0B83B44D9EB5EB1B60 /* ProximaNovaSoft-Medium.ttf */; };
		046D8A269FD5488F96D917F6 /* Ionicons.ttf in Resources */ = {isa = PBXBuildFile; fileRef = 1DA89FC0A88F4C56A0351865 /* Ionicons.ttf */; };
		12A59BA09FCF4579A92B9054 /* SimpleLineIcons.ttf in Resources */ = {isa = PBXBuildFile; fileRef = 03924ED61D9C4E5886785BAA /* SimpleLineIcons.ttf */; };
		133E29F31AD74F7200F7D852 /* libRCTLinking.a in Frameworks */ = {isa = PBXBuildFile; fileRef = 78C398B91ACF4ADC00677621 /* libRCTLinking.a */; };
		139105C61AF99C1200B5F7CC /* libRCTSettings.a in Frameworks */ = {isa = PBXBuildFile; fileRef = 139105C11AF99BAD00B5F7CC /* libRCTSettings.a */; };
		139FDEF61B0652A700C62182 /* libRCTWebSocket.a in Frameworks */ = {isa = PBXBuildFile; fileRef = 139FDEF41B06529B00C62182 /* libRCTWebSocket.a */; };
		13B07FBC1A68108700A75B9A /* AppDelegate.m in Sources */ = {isa = PBXBuildFile; fileRef = 13B07FB01A68108700A75B9A /* AppDelegate.m */; };
		13B07FBF1A68108700A75B9A /* Images.xcassets in Resources */ = {isa = PBXBuildFile; fileRef = 13B07FB51A68108700A75B9A /* Images.xcassets */; };
		13B07FC11A68108700A75B9A /* main.m in Sources */ = {isa = PBXBuildFile; fileRef = 13B07FB71A68108700A75B9A /* main.m */; };
		146834051AC3E58100842450 /* libReact.a in Frameworks */ = {isa = PBXBuildFile; fileRef = 146834041AC3E56700842450 /* libReact.a */; };
		1C8C471AE630423080842248 /* sad.png in Resources */ = {isa = PBXBuildFile; fileRef = 7A0B84DEB5514048976771E8 /* sad.png */; };
		2014018D1E6F42AAA0943BC8 /* profile-gray.png in Resources */ = {isa = PBXBuildFile; fileRef = B779BE40CE3B4521B66E5E0E /* profile-gray.png */; };
		2B2E59A57E3C484EA42D02DF /* libRCTCamera.a in Frameworks */ = {isa = PBXBuildFile; fileRef = 1EFF57D89B6944C2812CAB22 /* libRCTCamera.a */; };
		30D0679074DB44F1B56645E8 /* butt.png in Resources */ = {isa = PBXBuildFile; fileRef = 5FFD5CDBA59B4CFDBF1ADEB5 /* butt.png */; };
		35B8C53DE39A434380D9C5FB /* Foundation.ttf in Resources */ = {isa = PBXBuildFile; fileRef = 012E3993A1F7480CBBF1F053 /* Foundation.ttf */; };
		3862A5BFE7264BA683848EF9 /* MaterialCommunityIcons.ttf in Resources */ = {isa = PBXBuildFile; fileRef = 1B89C52F38A94BC395C97188 /* MaterialCommunityIcons.ttf */; };
		394720B0871E475197BB2AD5 /* libRNVectorIcons.a in Frameworks */ = {isa = PBXBuildFile; fileRef = C8E070F39B8F4045BED91D28 /* libRNVectorIcons.a */; };
		48B95316EB574081B8A17E01 /* cards-gray.png in Resources */ = {isa = PBXBuildFile; fileRef = D35CF7E27F58456B9DD6654D /* cards-gray.png */; };
		50C3519366314DFB88A7F42F /* Chalkduster.ttf in Resources */ = {isa = PBXBuildFile; fileRef = D5BD156C41A74DCEB3379EA4 /* Chalkduster.ttf */; };
		51754D3964ED498D89F53D07 /* libSMXCrashlytics.a in Frameworks */ = {isa = PBXBuildFile; fileRef = 87384618D881474EA43C9CF0 /* libSMXCrashlytics.a */; };
		5E9157361DD0AC6A00FF2AA8 /* libRCTAnimation.a in Frameworks */ = {isa = PBXBuildFile; fileRef = 5E9157331DD0AC6500FF2AA8 /* libRCTAnimation.a */; };
		5E9EF6BBDA234A6CABCB8789 /* libRNImagePicker.a in Frameworks */ = {isa = PBXBuildFile; fileRef = 50E6477E02E641A4AD5FC168 /* libRNImagePicker.a */; };
		61D75159D50F48E29DA60A6B /* libBVLinearGradient.a in Frameworks */ = {isa = PBXBuildFile; fileRef = 58FEFC0FCCA2436C94F1196E /* libBVLinearGradient.a */; };
		64CD26F37B534E01A1C49A22 /* libRNFirebase.a in Frameworks */ = {isa = PBXBuildFile; fileRef = 2671DC898DFA4FAC81D25376 /* libRNFirebase.a */; };
		66325B3A33D94A258CE9C132 /* Octicons.ttf in Resources */ = {isa = PBXBuildFile; fileRef = 0FB20617A739404C83BE971D /* Octicons.ttf */; };
		6981ECB43D864AE58008BC8A /* chat-gray-new.png in Resources */ = {isa = PBXBuildFile; fileRef = 76C9194B047141ED85D7C428 /* chat-gray-new.png */; };
		77F8736792AD49C7B210C632 /* jumbo2018.png in Resources */ = {isa = PBXBuildFile; fileRef = 661B2D51E4054B73AE2E3BE4 /* jumbo2018.png */; };
		832341BD1AAA6AB300B99B32 /* libRCTText.a in Frameworks */ = {isa = PBXBuildFile; fileRef = 832341B51AAA6A8300B99B32 /* libRCTText.a */; };
		85E6AC1BB3BE407CA779F84C /* exit.png in Resources */ = {isa = PBXBuildFile; fileRef = 823847545F6A41A4B3283451 /* exit.png */; };
		89203891AE984D95ACA2974F /* reload.png in Resources */ = {isa = PBXBuildFile; fileRef = 2D32813B2D41467A9C123568 /* reload.png */; };
		89E8C2109E604D6397FF9986 /* hash.png in Resources */ = {isa = PBXBuildFile; fileRef = 26658E1579F147A7B67D4C0D /* hash.png */; };
		8E69FFC32056410A8DF26D2A /* MaterialIcons.ttf in Resources */ = {isa = PBXBuildFile; fileRef = EA84D081328544AD80EEC8AE /* MaterialIcons.ttf */; };
		9121FE9E00204ADFA088C700 /* cards-blue.png in Resources */ = {isa = PBXBuildFile; fileRef = A648E3A651D14A2F8F8042DD /* cards-blue.png */; };
		91F985EC77FA42F9904D04FE /* logo.jpeg in Resources */ = {isa = PBXBuildFile; fileRef = D55938E519CC4495A0E94FCA /* logo.jpeg */; };
		9204B35620A6439F0064A249 /* assets in Resources */ = {isa = PBXBuildFile; fileRef = 9204B32320A6439F0064A249 /* assets */; };
		9204B35B20A6468A0064A249 /* main.jsbundle in Resources */ = {isa = PBXBuildFile; fileRef = 9204B35920A6468A0064A249 /* main.jsbundle */; };
		922FCE96207EF8C000070931 /* GoogleService-Info.plist in Resources */ = {isa = PBXBuildFile; fileRef = 922FCE95207EF8C000070931 /* GoogleService-Info.plist */; };
		92F358901FD494A20082C3BF /* Crashlytics.framework in Frameworks */ = {isa = PBXBuildFile; fileRef = 92F3588D1FD494950082C3BF /* Crashlytics.framework */; };
		92F358911FD494A20082C3BF /* Fabric.framework in Frameworks */ = {isa = PBXBuildFile; fileRef = 92F3588E1FD494950082C3BF /* Fabric.framework */; };
		930C6F6773C5482B9425760E /* libReactNativePermissions.a in Frameworks */ = {isa = PBXBuildFile; fileRef = BC1118CEDD31405AA7E0B0FF /* libReactNativePermissions.a */; };
		9C18E7BAB32B48A58DE60873 /* slide_2.png in Resources */ = {isa = PBXBuildFile; fileRef = 71433B7CD18A40CCB0AEF104 /* slide_2.png */; };
		9FB7A89A63E04BE7A456C42D /* Zocial.ttf in Resources */ = {isa = PBXBuildFile; fileRef = 130DCE8A31054C379FF21C5F /* Zocial.ttf */; };
		A00F5E64D89A43CCB4762772 /* heart.png in Resources */ = {isa = PBXBuildFile; fileRef = 2133B6475BFA438F9C44284C /* heart.png */; };
		A0332B71EED44976A01DB179 /* swap.png in Resources */ = {isa = PBXBuildFile; fileRef = 57B66B44C6ED488EBA53E4BB /* swap.png */; };
		A19E6663DF0343BA8AA46DD0 /* FontAwesome.ttf in Resources */ = {isa = PBXBuildFile; fileRef = 102399F384F642ACB45C033B /* FontAwesome.ttf */; };
		A9A2CF3AE8D54F37A22F7DC7 /* Feather.ttf in Resources */ = {isa = PBXBuildFile; fileRef = 5B51A9384858421C924B93EF /* Feather.ttf */; };
		ADBDB9381DFEBF1600ED6528 /* libRCTBlob.a in Frameworks */ = {isa = PBXBuildFile; fileRef = ADBDB9271DFEBF0700ED6528 /* libRCTBlob.a */; };
		AF382BA61422461BB806E2EA /* slide_1.png in Resources */ = {isa = PBXBuildFile; fileRef = A90251EC16F543658C45F3A4 /* slide_1.png */; };
		B0CF38E82DC248ED9AC9FC4A /* slide_3.png in Resources */ = {isa = PBXBuildFile; fileRef = E5692EFD01464FBEA43EC353 /* slide_3.png */; };
		B3CD9599DAFB43BAAAA9EBB5 /* chat-blue.png in Resources */ = {isa = PBXBuildFile; fileRef = B32337F7C7C344F0B227BC77 /* chat-blue.png */; };
		B50DAA8D26214D9090BC9B35 /* profile-blue.png in Resources */ = {isa = PBXBuildFile; fileRef = 2A82BDFB4E5B4FE5B32871CD /* profile-blue.png */; };
		C28A68DCDAEE46D081080547 /* location.png in Resources */ = {isa = PBXBuildFile; fileRef = BC7C7C963E6648FBBF88D29A /* location.png */; };
		C7E025585EDF400B99564DD2 /* matchElephant.png in Resources */ = {isa = PBXBuildFile; fileRef = 956D2BA7F160436187EC9D81 /* matchElephant.png */; };
		CC73B03396834A06AF9FD3E8 /* cross.png in Resources */ = {isa = PBXBuildFile; fileRef = C58C7086C56746FCA2DCA8FF /* cross.png */; };
		CE215472710A46EFB688E5DE /* ProximaNovaSoft-Regular.ttf in Resources */ = {isa = PBXBuildFile; fileRef = 6D3B741ED936435DA325B233 /* ProximaNovaSoft-Regular.ttf */; };
		D2DAF1ADE4414C0F9E78BB1B /* Entypo.ttf in Resources */ = {isa = PBXBuildFile; fileRef = 55BA4C95F3AD4140937880BE /* Entypo.ttf */; };
		DFA7191B05064A54A7190E9C /* EvilIcons.ttf in Resources */ = {isa = PBXBuildFile; fileRef = 522E05978F5D4ABBACC8C0FF /* EvilIcons.ttf */; };
		E043142E243C498CBE948EC0 /* libRCTImageResizer.a in Frameworks */ = {isa = PBXBuildFile; fileRef = 35797F6D9019402595EE2500 /* libRCTImageResizer.a */; };
		E5C335437166403686FE2691 /* ProximaNovaSoft-Bold.ttf in Resources */ = {isa = PBXBuildFile; fileRef = E3FCD788AD794E0E9C896716 /* ProximaNovaSoft-Bold.ttf */; };
		F1EC278D4B204E42AC4DB953 /* ProximaNovaSoft-Semibold.ttf in Resources */ = {isa = PBXBuildFile; fileRef = 5FEC1FB19A5C489A80F9D4A2 /* ProximaNovaSoft-Semibold.ttf */; };
		F38214764DF84F9F925CEEB0 /* chat-gray.png in Resources */ = {isa = PBXBuildFile; fileRef = 3E987224E1424833858F8125 /* chat-gray.png */; };
		F4FC6DDCFB40416E8D81E714 /* libRNFS.a in Frameworks */ = {isa = PBXBuildFile; fileRef = 331FF9E7A7BF44FE9A509846 /* libRNFS.a */; };
		FB622050EEFC3650C1D39EEB /* libPods-JumboSmash.a in Frameworks */ = {isa = PBXBuildFile; fileRef = 7FA1F4E3D57124B4DDFDE750 /* libPods-JumboSmash.a */; };
/* End PBXBuildFile section */

/* Begin PBXContainerItemProxy section */
		00C302AB1ABCB8CE00DB3ED1 /* PBXContainerItemProxy */ = {
			isa = PBXContainerItemProxy;
			containerPortal = 00C302A71ABCB8CE00DB3ED1 /* RCTActionSheet.xcodeproj */;
			proxyType = 2;
			remoteGlobalIDString = 134814201AA4EA6300B7C361;
			remoteInfo = RCTActionSheet;
		};
		00C302B91ABCB90400DB3ED1 /* PBXContainerItemProxy */ = {
			isa = PBXContainerItemProxy;
			containerPortal = 00C302B51ABCB90400DB3ED1 /* RCTGeolocation.xcodeproj */;
			proxyType = 2;
			remoteGlobalIDString = 134814201AA4EA6300B7C361;
			remoteInfo = RCTGeolocation;
		};
		00C302BF1ABCB91800DB3ED1 /* PBXContainerItemProxy */ = {
			isa = PBXContainerItemProxy;
			containerPortal = 00C302BB1ABCB91800DB3ED1 /* RCTImage.xcodeproj */;
			proxyType = 2;
			remoteGlobalIDString = 58B5115D1A9E6B3D00147676;
			remoteInfo = RCTImage;
		};
		00C302DB1ABCB9D200DB3ED1 /* PBXContainerItemProxy */ = {
			isa = PBXContainerItemProxy;
			containerPortal = 00C302D31ABCB9D200DB3ED1 /* RCTNetwork.xcodeproj */;
			proxyType = 2;
			remoteGlobalIDString = 58B511DB1A9E6C8500147676;
			remoteInfo = RCTNetwork;
		};
		00C302E31ABCB9EE00DB3ED1 /* PBXContainerItemProxy */ = {
			isa = PBXContainerItemProxy;
			containerPortal = 00C302DF1ABCB9EE00DB3ED1 /* RCTVibration.xcodeproj */;
			proxyType = 2;
			remoteGlobalIDString = 832C81801AAF6DEF007FA2F7;
			remoteInfo = RCTVibration;
		};
		139105C01AF99BAD00B5F7CC /* PBXContainerItemProxy */ = {
			isa = PBXContainerItemProxy;
			containerPortal = 139105B61AF99BAD00B5F7CC /* RCTSettings.xcodeproj */;
			proxyType = 2;
			remoteGlobalIDString = 134814201AA4EA6300B7C361;
			remoteInfo = RCTSettings;
		};
		139FDEF31B06529B00C62182 /* PBXContainerItemProxy */ = {
			isa = PBXContainerItemProxy;
			containerPortal = 139FDEE61B06529A00C62182 /* RCTWebSocket.xcodeproj */;
			proxyType = 2;
			remoteGlobalIDString = 3C86DF461ADF2C930047B81A;
			remoteInfo = RCTWebSocket;
		};
		146834031AC3E56700842450 /* PBXContainerItemProxy */ = {
			isa = PBXContainerItemProxy;
			containerPortal = 146833FF1AC3E56700842450 /* React.xcodeproj */;
			proxyType = 2;
			remoteGlobalIDString = 83CBBA2E1A601D0E00E9B192;
			remoteInfo = React;
		};
		3DAD3E831DF850E9000B6D8A /* PBXContainerItemProxy */ = {
			isa = PBXContainerItemProxy;
			containerPortal = 00C302BB1ABCB91800DB3ED1 /* RCTImage.xcodeproj */;
			proxyType = 2;
			remoteGlobalIDString = 2D2A283A1D9B042B00D4039D;
			remoteInfo = "RCTImage-tvOS";
		};
		3DAD3E871DF850E9000B6D8A /* PBXContainerItemProxy */ = {
			isa = PBXContainerItemProxy;
			containerPortal = 78C398B01ACF4ADC00677621 /* RCTLinking.xcodeproj */;
			proxyType = 2;
			remoteGlobalIDString = 2D2A28471D9B043800D4039D;
			remoteInfo = "RCTLinking-tvOS";
		};
		3DAD3E8B1DF850E9000B6D8A /* PBXContainerItemProxy */ = {
			isa = PBXContainerItemProxy;
			containerPortal = 00C302D31ABCB9D200DB3ED1 /* RCTNetwork.xcodeproj */;
			proxyType = 2;
			remoteGlobalIDString = 2D2A28541D9B044C00D4039D;
			remoteInfo = "RCTNetwork-tvOS";
		};
		3DAD3E8F1DF850E9000B6D8A /* PBXContainerItemProxy */ = {
			isa = PBXContainerItemProxy;
			containerPortal = 139105B61AF99BAD00B5F7CC /* RCTSettings.xcodeproj */;
			proxyType = 2;
			remoteGlobalIDString = 2D2A28611D9B046600D4039D;
			remoteInfo = "RCTSettings-tvOS";
		};
		3DAD3E931DF850E9000B6D8A /* PBXContainerItemProxy */ = {
			isa = PBXContainerItemProxy;
			containerPortal = 832341B01AAA6A8300B99B32 /* RCTText.xcodeproj */;
			proxyType = 2;
			remoteGlobalIDString = 2D2A287B1D9B048500D4039D;
			remoteInfo = "RCTText-tvOS";
		};
		3DAD3E981DF850E9000B6D8A /* PBXContainerItemProxy */ = {
			isa = PBXContainerItemProxy;
			containerPortal = 139FDEE61B06529A00C62182 /* RCTWebSocket.xcodeproj */;
			proxyType = 2;
			remoteGlobalIDString = 2D2A28881D9B049200D4039D;
			remoteInfo = "RCTWebSocket-tvOS";
		};
		3DAD3EA21DF850E9000B6D8A /* PBXContainerItemProxy */ = {
			isa = PBXContainerItemProxy;
			containerPortal = 146833FF1AC3E56700842450 /* React.xcodeproj */;
			proxyType = 2;
			remoteGlobalIDString = 2D2A28131D9B038B00D4039D;
			remoteInfo = "React-tvOS";
		};
		3DAD3EA41DF850E9000B6D8A /* PBXContainerItemProxy */ = {
			isa = PBXContainerItemProxy;
			containerPortal = 146833FF1AC3E56700842450 /* React.xcodeproj */;
			proxyType = 2;
			remoteGlobalIDString = 3D3C059A1DE3340900C268FA;
			remoteInfo = yoga;
		};
		3DAD3EA61DF850E9000B6D8A /* PBXContainerItemProxy */ = {
			isa = PBXContainerItemProxy;
			containerPortal = 146833FF1AC3E56700842450 /* React.xcodeproj */;
			proxyType = 2;
			remoteGlobalIDString = 3D3C06751DE3340C00C268FA;
			remoteInfo = "yoga-tvOS";
		};
		3DAD3EA81DF850E9000B6D8A /* PBXContainerItemProxy */ = {
			isa = PBXContainerItemProxy;
			containerPortal = 146833FF1AC3E56700842450 /* React.xcodeproj */;
			proxyType = 2;
			remoteGlobalIDString = 3D3CD9251DE5FBEC00167DC4;
			remoteInfo = cxxreact;
		};
		3DAD3EAA1DF850E9000B6D8A /* PBXContainerItemProxy */ = {
			isa = PBXContainerItemProxy;
			containerPortal = 146833FF1AC3E56700842450 /* React.xcodeproj */;
			proxyType = 2;
			remoteGlobalIDString = 3D3CD9321DE5FBEE00167DC4;
			remoteInfo = "cxxreact-tvOS";
		};
		3DAD3EAC1DF850E9000B6D8A /* PBXContainerItemProxy */ = {
			isa = PBXContainerItemProxy;
			containerPortal = 146833FF1AC3E56700842450 /* React.xcodeproj */;
			proxyType = 2;
			remoteGlobalIDString = 3D3CD90B1DE5FBD600167DC4;
			remoteInfo = jschelpers;
		};
		3DAD3EAE1DF850E9000B6D8A /* PBXContainerItemProxy */ = {
			isa = PBXContainerItemProxy;
			containerPortal = 146833FF1AC3E56700842450 /* React.xcodeproj */;
			proxyType = 2;
			remoteGlobalIDString = 3D3CD9181DE5FBD800167DC4;
			remoteInfo = "jschelpers-tvOS";
		};
		5E9157321DD0AC6500FF2AA8 /* PBXContainerItemProxy */ = {
			isa = PBXContainerItemProxy;
			containerPortal = 5E91572D1DD0AC6500FF2AA8 /* RCTAnimation.xcodeproj */;
			proxyType = 2;
			remoteGlobalIDString = 134814201AA4EA6300B7C361;
			remoteInfo = RCTAnimation;
		};
		5E9157341DD0AC6500FF2AA8 /* PBXContainerItemProxy */ = {
			isa = PBXContainerItemProxy;
			containerPortal = 5E91572D1DD0AC6500FF2AA8 /* RCTAnimation.xcodeproj */;
			proxyType = 2;
			remoteGlobalIDString = 2D2A28201D9B03D100D4039D;
			remoteInfo = "RCTAnimation-tvOS";
		};
		5FA57452204310BA00432F6C /* PBXContainerItemProxy */ = {
			isa = PBXContainerItemProxy;
			containerPortal = 226A5E06D64E4B0C9F432611 /* BVLinearGradient.xcodeproj */;
			proxyType = 2;
			remoteGlobalIDString = 134814201AA4EA6300B7C361;
			remoteInfo = BVLinearGradient;
		};
		5FA57454204310BA00432F6C /* PBXContainerItemProxy */ = {
			isa = PBXContainerItemProxy;
			containerPortal = 226A5E06D64E4B0C9F432611 /* BVLinearGradient.xcodeproj */;
			proxyType = 2;
			remoteGlobalIDString = 64AA15081EF7F30100718508;
			remoteInfo = "BVLinearGradient-tvOS";
		};
		78C398B81ACF4ADC00677621 /* PBXContainerItemProxy */ = {
			isa = PBXContainerItemProxy;
			containerPortal = 78C398B01ACF4ADC00677621 /* RCTLinking.xcodeproj */;
			proxyType = 2;
			remoteGlobalIDString = 134814201AA4EA6300B7C361;
			remoteInfo = RCTLinking;
		};
		832341B41AAA6A8300B99B32 /* PBXContainerItemProxy */ = {
			isa = PBXContainerItemProxy;
			containerPortal = 832341B01AAA6A8300B99B32 /* RCTText.xcodeproj */;
			proxyType = 2;
			remoteGlobalIDString = 58B5119B1A9E6C1200147676;
			remoteInfo = RCTText;
		};
		9204E91C20322AF3002C4563 /* PBXContainerItemProxy */ = {
			isa = PBXContainerItemProxy;
			containerPortal = 563A9DC950764541B3772B3C /* BVLinearGradient.xcodeproj */;
			proxyType = 2;
			remoteGlobalIDString = 134814201AA4EA6300B7C361;
			remoteInfo = BVLinearGradient;
		};
		9204E91E20322AF3002C4563 /* PBXContainerItemProxy */ = {
			isa = PBXContainerItemProxy;
			containerPortal = 563A9DC950764541B3772B3C /* BVLinearGradient.xcodeproj */;
			proxyType = 2;
			remoteGlobalIDString = 64AA15081EF7F30100718508;
			remoteInfo = "BVLinearGradient-tvOS";
		};
		920A2B59207EF39A000A2792 /* PBXContainerItemProxy */ = {
			isa = PBXContainerItemProxy;
			containerPortal = A5027A3055FF437F86A1E216 /* RNFirebase.xcodeproj */;
			proxyType = 2;
			remoteGlobalIDString = 134814201AA4EA6300B7C361;
			remoteInfo = RNFirebase;
		};
		921D968E205C506C00B79C79 /* PBXContainerItemProxy */ = {
			isa = PBXContainerItemProxy;
			containerPortal = 8072444B32CF43D4B727CB2B /* RCTImageResizer.xcodeproj */;
			proxyType = 2;
			remoteGlobalIDString = 5D72D2E81C16249000E22EC1;
			remoteInfo = RCTImageResizer;
		};
		921D9691205C506C00B79C79 /* PBXContainerItemProxy */ = {
			isa = PBXContainerItemProxy;
			containerPortal = 2AE6DB4BF637437CAF78406D /* ReactNativePermissions.xcodeproj */;
			proxyType = 2;
			remoteGlobalIDString = 9D23B34F1C767B80008B4819;
			remoteInfo = ReactNativePermissions;
		};
		921D9695205C506C00B79C79 /* PBXContainerItemProxy */ = {
			isa = PBXContainerItemProxy;
			containerPortal = 5B77EA51C5D14F5E84A98E32 /* RNFS.xcodeproj */;
			proxyType = 2;
			remoteGlobalIDString = F12AFB9B1ADAF8F800E0535D;
			remoteInfo = RNFS;
		};
		921D9697205C506C00B79C79 /* PBXContainerItemProxy */ = {
			isa = PBXContainerItemProxy;
			containerPortal = 5B77EA51C5D14F5E84A98E32 /* RNFS.xcodeproj */;
			proxyType = 2;
			remoteGlobalIDString = 6456441F1EB8DA9100672408;
			remoteInfo = "RNFS-tvOS";
		};
		921D969A205C506C00B79C79 /* PBXContainerItemProxy */ = {
			isa = PBXContainerItemProxy;
			containerPortal = 0C5C65DB014F40F8AF4E5FB8 /* RNImagePicker.xcodeproj */;
			proxyType = 2;
			remoteGlobalIDString = 014A3B5C1C6CF33500B6D375;
			remoteInfo = RNImagePicker;
		};
		921D96E9205C507300B79C79 /* PBXContainerItemProxy */ = {
			isa = PBXContainerItemProxy;
			containerPortal = 20AA174B15754B1BB3347142 /* RCTCamera.xcodeproj */;
			proxyType = 2;
			remoteGlobalIDString = 4107012F1ACB723B00C6AA39;
			remoteInfo = RCTCamera;
		};
		92F358711FD493BD0082C3BF /* PBXContainerItemProxy */ = {
			isa = PBXContainerItemProxy;
			containerPortal = ADBDB91F1DFEBF0600ED6528 /* RCTBlob.xcodeproj */;
			proxyType = 2;
			remoteGlobalIDString = ADD01A681E09402E00F6D226;
			remoteInfo = "RCTBlob-tvOS";
		};
		92F358831FD493BD0082C3BF /* PBXContainerItemProxy */ = {
			isa = PBXContainerItemProxy;
			containerPortal = 139FDEE61B06529A00C62182 /* RCTWebSocket.xcodeproj */;
			proxyType = 2;
			remoteGlobalIDString = 3DBE0D001F3B181A0099AA32;
			remoteInfo = fishhook;
		};
		92F358851FD493BD0082C3BF /* PBXContainerItemProxy */ = {
			isa = PBXContainerItemProxy;
			containerPortal = 139FDEE61B06529A00C62182 /* RCTWebSocket.xcodeproj */;
			proxyType = 2;
			remoteGlobalIDString = 3DBE0D0D1F3B181C0099AA32;
			remoteInfo = "fishhook-tvOS";
		};
		92F3588A1FD493BD0082C3BF /* PBXContainerItemProxy */ = {
			isa = PBXContainerItemProxy;
			containerPortal = 54641E95C03945CBA7AB33B4 /* RNVectorIcons.xcodeproj */;
			proxyType = 2;
			remoteGlobalIDString = 5DBEB1501B18CEA900B34395;
			remoteInfo = RNVectorIcons;
		};
		92F358C21FD495BF0082C3BF /* PBXContainerItemProxy */ = {
			isa = PBXContainerItemProxy;
			containerPortal = 146833FF1AC3E56700842450 /* React.xcodeproj */;
			proxyType = 2;
			remoteGlobalIDString = 139D7ECE1E25DB7D00323FB7;
			remoteInfo = "third-party";
		};
		92F358C41FD495BF0082C3BF /* PBXContainerItemProxy */ = {
			isa = PBXContainerItemProxy;
			containerPortal = 146833FF1AC3E56700842450 /* React.xcodeproj */;
			proxyType = 2;
			remoteGlobalIDString = 3D383D3C1EBD27B6005632C8;
			remoteInfo = "third-party-tvOS";
		};
		92F358C61FD495BF0082C3BF /* PBXContainerItemProxy */ = {
			isa = PBXContainerItemProxy;
			containerPortal = 146833FF1AC3E56700842450 /* React.xcodeproj */;
			proxyType = 2;
			remoteGlobalIDString = 139D7E881E25C6D100323FB7;
			remoteInfo = "double-conversion";
		};
		92F358C81FD495BF0082C3BF /* PBXContainerItemProxy */ = {
			isa = PBXContainerItemProxy;
			containerPortal = 146833FF1AC3E56700842450 /* React.xcodeproj */;
			proxyType = 2;
			remoteGlobalIDString = 3D383D621EBD27B9005632C8;
			remoteInfo = "double-conversion-tvOS";
		};
		92F358CA1FD495BF0082C3BF /* PBXContainerItemProxy */ = {
			isa = PBXContainerItemProxy;
			containerPortal = 146833FF1AC3E56700842450 /* React.xcodeproj */;
			proxyType = 2;
			remoteGlobalIDString = 9936F3131F5F2E4B0010BF04;
			remoteInfo = privatedata;
		};
		92F358CC1FD495BF0082C3BF /* PBXContainerItemProxy */ = {
			isa = PBXContainerItemProxy;
			containerPortal = 146833FF1AC3E56700842450 /* React.xcodeproj */;
			proxyType = 2;
			remoteGlobalIDString = 9936F32F1F5F2E5B0010BF04;
			remoteInfo = "privatedata-tvOS";
		};
		92F358D31FD495BF0082C3BF /* PBXContainerItemProxy */ = {
			isa = PBXContainerItemProxy;
			containerPortal = 81928EE795C14BECBC713CC3 /* SMXCrashlytics.xcodeproj */;
			proxyType = 2;
			remoteGlobalIDString = D8D9DB831C6D03DB009FBC0E;
			remoteInfo = SMXCrashlytics;
		};
		92F358D51FD495BF0082C3BF /* PBXContainerItemProxy */ = {
			isa = PBXContainerItemProxy;
			containerPortal = 81928EE795C14BECBC713CC3 /* SMXCrashlytics.xcodeproj */;
			proxyType = 2;
			remoteGlobalIDString = 6463C84C1EBA12A60095B8CD;
			remoteInfo = "SMXCrashlytics-tvOS";
		};
		ADBDB9261DFEBF0700ED6528 /* PBXContainerItemProxy */ = {
			isa = PBXContainerItemProxy;
			containerPortal = ADBDB91F1DFEBF0600ED6528 /* RCTBlob.xcodeproj */;
			proxyType = 2;
			remoteGlobalIDString = 358F4ED71D1E81A9004DF814;
			remoteInfo = RCTBlob;
		};
/* End PBXContainerItemProxy section */

/* Begin PBXFileReference section */
		008F07F21AC5B25A0029DE68 /* main.jsbundle */ = {isa = PBXFileReference; fileEncoding = 4; lastKnownFileType = text; path = main.jsbundle; sourceTree = "<group>"; };
		00C302A71ABCB8CE00DB3ED1 /* RCTActionSheet.xcodeproj */ = {isa = PBXFileReference; lastKnownFileType = "wrapper.pb-project"; name = RCTActionSheet.xcodeproj; path = "../node_modules/react-native/Libraries/ActionSheetIOS/RCTActionSheet.xcodeproj"; sourceTree = "<group>"; };
		00C302B51ABCB90400DB3ED1 /* RCTGeolocation.xcodeproj */ = {isa = PBXFileReference; lastKnownFileType = "wrapper.pb-project"; name = RCTGeolocation.xcodeproj; path = "../node_modules/react-native/Libraries/Geolocation/RCTGeolocation.xcodeproj"; sourceTree = "<group>"; };
		00C302BB1ABCB91800DB3ED1 /* RCTImage.xcodeproj */ = {isa = PBXFileReference; lastKnownFileType = "wrapper.pb-project"; name = RCTImage.xcodeproj; path = "../node_modules/react-native/Libraries/Image/RCTImage.xcodeproj"; sourceTree = "<group>"; };
		00C302D31ABCB9D200DB3ED1 /* RCTNetwork.xcodeproj */ = {isa = PBXFileReference; lastKnownFileType = "wrapper.pb-project"; name = RCTNetwork.xcodeproj; path = "../node_modules/react-native/Libraries/Network/RCTNetwork.xcodeproj"; sourceTree = "<group>"; };
		00C302DF1ABCB9EE00DB3ED1 /* RCTVibration.xcodeproj */ = {isa = PBXFileReference; lastKnownFileType = "wrapper.pb-project"; name = RCTVibration.xcodeproj; path = "../node_modules/react-native/Libraries/Vibration/RCTVibration.xcodeproj"; sourceTree = "<group>"; };
		012E3993A1F7480CBBF1F053 /* Foundation.ttf */ = {isa = PBXFileReference; explicitFileType = undefined; fileEncoding = 9; includeInIndex = 0; lastKnownFileType = unknown; name = Foundation.ttf; path = "../node_modules/react-native-vector-icons/Fonts/Foundation.ttf"; sourceTree = "<group>"; };
		03924ED61D9C4E5886785BAA /* SimpleLineIcons.ttf */ = {isa = PBXFileReference; explicitFileType = undefined; fileEncoding = 9; includeInIndex = 0; lastKnownFileType = unknown; name = SimpleLineIcons.ttf; path = "../node_modules/react-native-vector-icons/Fonts/SimpleLineIcons.ttf"; sourceTree = "<group>"; };
		0C5C65DB014F40F8AF4E5FB8 /* RNImagePicker.xcodeproj */ = {isa = PBXFileReference; explicitFileType = undefined; fileEncoding = 9; includeInIndex = 0; lastKnownFileType = "wrapper.pb-project"; name = RNImagePicker.xcodeproj; path = "../node_modules/react-native-image-picker/ios/RNImagePicker.xcodeproj"; sourceTree = "<group>"; };
		0D454D6304F42498C2FC01C2 /* libPods-JumboSmash-tvOSTests.a */ = {isa = PBXFileReference; explicitFileType = archive.ar; includeInIndex = 0; path = "libPods-JumboSmash-tvOSTests.a"; sourceTree = BUILT_PRODUCTS_DIR; };
		0FB20617A739404C83BE971D /* Octicons.ttf */ = {isa = PBXFileReference; explicitFileType = undefined; fileEncoding = 9; includeInIndex = 0; lastKnownFileType = unknown; name = Octicons.ttf; path = "../node_modules/react-native-vector-icons/Fonts/Octicons.ttf"; sourceTree = "<group>"; };
		102399F384F642ACB45C033B /* FontAwesome.ttf */ = {isa = PBXFileReference; explicitFileType = undefined; fileEncoding = 9; includeInIndex = 0; lastKnownFileType = unknown; name = FontAwesome.ttf; path = "../node_modules/react-native-vector-icons/Fonts/FontAwesome.ttf"; sourceTree = "<group>"; };
		130DCE8A31054C379FF21C5F /* Zocial.ttf */ = {isa = PBXFileReference; explicitFileType = undefined; fileEncoding = 9; includeInIndex = 0; lastKnownFileType = unknown; name = Zocial.ttf; path = "../node_modules/react-native-vector-icons/Fonts/Zocial.ttf"; sourceTree = "<group>"; };
		139105B61AF99BAD00B5F7CC /* RCTSettings.xcodeproj */ = {isa = PBXFileReference; lastKnownFileType = "wrapper.pb-project"; name = RCTSettings.xcodeproj; path = "../node_modules/react-native/Libraries/Settings/RCTSettings.xcodeproj"; sourceTree = "<group>"; };
		139FDEE61B06529A00C62182 /* RCTWebSocket.xcodeproj */ = {isa = PBXFileReference; lastKnownFileType = "wrapper.pb-project"; name = RCTWebSocket.xcodeproj; path = "../node_modules/react-native/Libraries/WebSocket/RCTWebSocket.xcodeproj"; sourceTree = "<group>"; };
		13B07F961A680F5B00A75B9A /* JumboSmash.app */ = {isa = PBXFileReference; explicitFileType = wrapper.application; includeInIndex = 0; path = JumboSmash.app; sourceTree = BUILT_PRODUCTS_DIR; };
		13B07FAF1A68108700A75B9A /* AppDelegate.h */ = {isa = PBXFileReference; fileEncoding = 4; lastKnownFileType = sourcecode.c.h; name = AppDelegate.h; path = JumboSmash/AppDelegate.h; sourceTree = "<group>"; };
		13B07FB01A68108700A75B9A /* AppDelegate.m */ = {isa = PBXFileReference; fileEncoding = 4; lastKnownFileType = sourcecode.c.objc; name = AppDelegate.m; path = JumboSmash/AppDelegate.m; sourceTree = "<group>"; };
		13B07FB51A68108700A75B9A /* Images.xcassets */ = {isa = PBXFileReference; lastKnownFileType = folder.assetcatalog; name = Images.xcassets; path = JumboSmash/Images.xcassets; sourceTree = "<group>"; };
		13B07FB61A68108700A75B9A /* Info.plist */ = {isa = PBXFileReference; fileEncoding = 4; lastKnownFileType = text.plist.xml; name = Info.plist; path = JumboSmash/Info.plist; sourceTree = "<group>"; };
		13B07FB71A68108700A75B9A /* main.m */ = {isa = PBXFileReference; fileEncoding = 4; lastKnownFileType = sourcecode.c.objc; name = main.m; path = JumboSmash/main.m; sourceTree = "<group>"; };
		146833FF1AC3E56700842450 /* React.xcodeproj */ = {isa = PBXFileReference; lastKnownFileType = "wrapper.pb-project"; name = React.xcodeproj; path = "../node_modules/react-native/React/React.xcodeproj"; sourceTree = "<group>"; };
		1B89C52F38A94BC395C97188 /* MaterialCommunityIcons.ttf */ = {isa = PBXFileReference; explicitFileType = undefined; fileEncoding = 9; includeInIndex = 0; lastKnownFileType = unknown; name = MaterialCommunityIcons.ttf; path = "../node_modules/react-native-vector-icons/Fonts/MaterialCommunityIcons.ttf"; sourceTree = "<group>"; };
		1DA89FC0A88F4C56A0351865 /* Ionicons.ttf */ = {isa = PBXFileReference; explicitFileType = undefined; fileEncoding = 9; includeInIndex = 0; lastKnownFileType = unknown; name = Ionicons.ttf; path = "../node_modules/react-native-vector-icons/Fonts/Ionicons.ttf"; sourceTree = "<group>"; };
		1EFF57D89B6944C2812CAB22 /* libRCTCamera.a */ = {isa = PBXFileReference; explicitFileType = undefined; fileEncoding = 9; includeInIndex = 0; lastKnownFileType = archive.ar; path = libRCTCamera.a; sourceTree = "<group>"; };
		20AA174B15754B1BB3347142 /* RCTCamera.xcodeproj */ = {isa = PBXFileReference; explicitFileType = undefined; fileEncoding = 9; includeInIndex = 0; lastKnownFileType = "wrapper.pb-project"; name = RCTCamera.xcodeproj; path = "../node_modules/react-native-camera/ios/RCTCamera.xcodeproj"; sourceTree = "<group>"; };
		2133B6475BFA438F9C44284C /* heart.png */ = {isa = PBXFileReference; explicitFileType = undefined; fileEncoding = 9; includeInIndex = 0; lastKnownFileType = unknown; name = heart.png; path = ../src/assets/img/heart.png; sourceTree = "<group>"; };
		226A5E06D64E4B0C9F432611 /* BVLinearGradient.xcodeproj */ = {isa = PBXFileReference; explicitFileType = undefined; fileEncoding = 9; includeInIndex = 0; lastKnownFileType = "wrapper.pb-project"; name = BVLinearGradient.xcodeproj; path = "../node_modules/react-native-linear-gradient/BVLinearGradient.xcodeproj"; sourceTree = "<group>"; };
		26658E1579F147A7B67D4C0D /* hash.png */ = {isa = PBXFileReference; explicitFileType = undefined; fileEncoding = 9; includeInIndex = 0; lastKnownFileType = unknown; name = hash.png; path = ../src/assets/img/hash.png; sourceTree = "<group>"; };
		2671DC898DFA4FAC81D25376 /* libRNFirebase.a */ = {isa = PBXFileReference; explicitFileType = undefined; fileEncoding = 9; includeInIndex = 0; lastKnownFileType = archive.ar; path = libRNFirebase.a; sourceTree = "<group>"; };
		287B47CD9DCF42BF8E8E9C33 /* Avenir-Book.ttf */ = {isa = PBXFileReference; explicitFileType = undefined; fileEncoding = 9; includeInIndex = 0; lastKnownFileType = unknown; name = "Avenir-Book.ttf"; path = "../src/assets/fonts/Avenir-Book.ttf"; sourceTree = "<group>"; };
		2A82BDFB4E5B4FE5B32871CD /* profile-blue.png */ = {isa = PBXFileReference; explicitFileType = undefined; fileEncoding = 9; includeInIndex = 0; lastKnownFileType = unknown; name = "profile-blue.png"; path = "../src/assets/img/navigation/profile-blue.png"; sourceTree = "<group>"; };
		2AE6DB4BF637437CAF78406D /* ReactNativePermissions.xcodeproj */ = {isa = PBXFileReference; explicitFileType = undefined; fileEncoding = 9; includeInIndex = 0; lastKnownFileType = "wrapper.pb-project"; name = ReactNativePermissions.xcodeproj; path = "../node_modules/react-native-permissions/ios/ReactNativePermissions.xcodeproj"; sourceTree = "<group>"; };
		2D32813B2D41467A9C123568 /* reload.png */ = {isa = PBXFileReference; explicitFileType = undefined; fileEncoding = 9; includeInIndex = 0; lastKnownFileType = unknown; name = reload.png; path = ../src/assets/img/reload.png; sourceTree = "<group>"; };
		331FF9E7A7BF44FE9A509846 /* libRNFS.a */ = {isa = PBXFileReference; explicitFileType = undefined; fileEncoding = 9; includeInIndex = 0; lastKnownFileType = archive.ar; path = libRNFS.a; sourceTree = "<group>"; };
		35797F6D9019402595EE2500 /* libRCTImageResizer.a */ = {isa = PBXFileReference; explicitFileType = undefined; fileEncoding = 9; includeInIndex = 0; lastKnownFileType = archive.ar; path = libRCTImageResizer.a; sourceTree = "<group>"; };
		3E987224E1424833858F8125 /* chat-gray.png */ = {isa = PBXFileReference; explicitFileType = undefined; fileEncoding = 9; includeInIndex = 0; lastKnownFileType = unknown; name = "chat-gray.png"; path = "../src/assets/img/navigation/chat-gray.png"; sourceTree = "<group>"; };
		426624FB379E4D1C8AB5045C /* libBVLinearGradient.a */ = {isa = PBXFileReference; explicitFileType = undefined; fileEncoding = 9; includeInIndex = 0; lastKnownFileType = archive.ar; path = libBVLinearGradient.a; sourceTree = "<group>"; };
		466A70ADC092D71AE4FE04E5 /* Pods-JumboSmash.release.xcconfig */ = {isa = PBXFileReference; includeInIndex = 1; lastKnownFileType = text.xcconfig; name = "Pods-JumboSmash.release.xcconfig"; path = "Pods/Target Support Files/Pods-JumboSmash/Pods-JumboSmash.release.xcconfig"; sourceTree = "<group>"; };
		50E6477E02E641A4AD5FC168 /* libRNImagePicker.a */ = {isa = PBXFileReference; explicitFileType = undefined; fileEncoding = 9; includeInIndex = 0; lastKnownFileType = archive.ar; path = libRNImagePicker.a; sourceTree = "<group>"; };
		522E05978F5D4ABBACC8C0FF /* EvilIcons.ttf */ = {isa = PBXFileReference; explicitFileType = undefined; fileEncoding = 9; includeInIndex = 0; lastKnownFileType = unknown; name = EvilIcons.ttf; path = "../node_modules/react-native-vector-icons/Fonts/EvilIcons.ttf"; sourceTree = "<group>"; };
		54641E95C03945CBA7AB33B4 /* RNVectorIcons.xcodeproj */ = {isa = PBXFileReference; explicitFileType = undefined; fileEncoding = 9; includeInIndex = 0; lastKnownFileType = "wrapper.pb-project"; name = RNVectorIcons.xcodeproj; path = "../node_modules/react-native-vector-icons/RNVectorIcons.xcodeproj"; sourceTree = "<group>"; };
		55BA4C95F3AD4140937880BE /* Entypo.ttf */ = {isa = PBXFileReference; explicitFileType = undefined; fileEncoding = 9; includeInIndex = 0; lastKnownFileType = unknown; name = Entypo.ttf; path = "../node_modules/react-native-vector-icons/Fonts/Entypo.ttf"; sourceTree = "<group>"; };
		563A9DC950764541B3772B3C /* BVLinearGradient.xcodeproj */ = {isa = PBXFileReference; explicitFileType = undefined; fileEncoding = 9; includeInIndex = 0; lastKnownFileType = "wrapper.pb-project"; name = BVLinearGradient.xcodeproj; path = "../node_modules/react-native-linear-gradient/BVLinearGradient.xcodeproj"; sourceTree = "<group>"; };
		57B66B44C6ED488EBA53E4BB /* swap.png */ = {isa = PBXFileReference; explicitFileType = undefined; fileEncoding = 9; includeInIndex = 0; lastKnownFileType = unknown; name = swap.png; path = ../src/assets/img/swap.png; sourceTree = "<group>"; };
		58FEFC0FCCA2436C94F1196E /* libBVLinearGradient.a */ = {isa = PBXFileReference; explicitFileType = undefined; fileEncoding = 9; includeInIndex = 0; lastKnownFileType = archive.ar; path = libBVLinearGradient.a; sourceTree = "<group>"; };
		5B51A9384858421C924B93EF /* Feather.ttf */ = {isa = PBXFileReference; explicitFileType = undefined; fileEncoding = 9; includeInIndex = 0; lastKnownFileType = unknown; name = Feather.ttf; path = "../node_modules/react-native-vector-icons/Fonts/Feather.ttf"; sourceTree = "<group>"; };
		5B77EA51C5D14F5E84A98E32 /* RNFS.xcodeproj */ = {isa = PBXFileReference; explicitFileType = undefined; fileEncoding = 9; includeInIndex = 0; lastKnownFileType = "wrapper.pb-project"; name = RNFS.xcodeproj; path = "../node_modules/react-native-fs/RNFS.xcodeproj"; sourceTree = "<group>"; };
		5E91572D1DD0AC6500FF2AA8 /* RCTAnimation.xcodeproj */ = {isa = PBXFileReference; lastKnownFileType = "wrapper.pb-project"; name = RCTAnimation.xcodeproj; path = "../node_modules/react-native/Libraries/NativeAnimation/RCTAnimation.xcodeproj"; sourceTree = "<group>"; };
		5FEC1FB19A5C489A80F9D4A2 /* ProximaNovaSoft-Semibold.ttf */ = {isa = PBXFileReference; explicitFileType = undefined; fileEncoding = 9; includeInIndex = 0; lastKnownFileType = unknown; name = "ProximaNovaSoft-Semibold.ttf"; path = "../src/assets/fonts/ProximaNovaSoft-Semibold.ttf"; sourceTree = "<group>"; };
		5FFD5CDBA59B4CFDBF1ADEB5 /* butt.png */ = {isa = PBXFileReference; explicitFileType = undefined; fileEncoding = 9; includeInIndex = 0; lastKnownFileType = unknown; name = butt.png; path = ../src/assets/img/butt.png; sourceTree = "<group>"; };
		64997D4E5CE04084B49F09D1 /* Avenir.ttc */ = {isa = PBXFileReference; explicitFileType = undefined; fileEncoding = 9; includeInIndex = 0; lastKnownFileType = unknown; name = Avenir.ttc; path = ../src/assets/fonts/Avenir.ttc; sourceTree = "<group>"; };
		661B2D51E4054B73AE2E3BE4 /* jumbo2018.png */ = {isa = PBXFileReference; explicitFileType = undefined; fileEncoding = 9; includeInIndex = 0; lastKnownFileType = unknown; name = jumbo2018.png; path = ../src/assets/img/jumbo2018.png; sourceTree = "<group>"; };
		665905F85DCC4151881BD4AE /* Avenir-Heavy.ttf */ = {isa = PBXFileReference; explicitFileType = undefined; fileEncoding = 9; includeInIndex = 0; lastKnownFileType = unknown; name = "Avenir-Heavy.ttf"; path = "../src/assets/fonts/Avenir-Heavy.ttf"; sourceTree = "<group>"; };
		6D3B741ED936435DA325B233 /* ProximaNovaSoft-Regular.ttf */ = {isa = PBXFileReference; explicitFileType = undefined; fileEncoding = 9; includeInIndex = 0; lastKnownFileType = unknown; name = "ProximaNovaSoft-Regular.ttf"; path = "../src/assets/fonts/ProximaNovaSoft-Regular.ttf"; sourceTree = "<group>"; };
		71433B7CD18A40CCB0AEF104 /* slide_2.png */ = {isa = PBXFileReference; explicitFileType = undefined; fileEncoding = 9; includeInIndex = 0; lastKnownFileType = unknown; name = slide_2.png; path = ../src/assets/img/tutorial/slide_2.png; sourceTree = "<group>"; };
		74BBFF0B83B44D9EB5EB1B60 /* ProximaNovaSoft-Medium.ttf */ = {isa = PBXFileReference; explicitFileType = undefined; fileEncoding = 9; includeInIndex = 0; lastKnownFileType = unknown; name = "ProximaNovaSoft-Medium.ttf"; path = "../src/assets/fonts/ProximaNovaSoft-Medium.ttf"; sourceTree = "<group>"; };
		76C9194B047141ED85D7C428 /* chat-gray-new.png */ = {isa = PBXFileReference; explicitFileType = undefined; fileEncoding = 9; includeInIndex = 0; lastKnownFileType = unknown; name = "chat-gray-new.png"; path = "../src/assets/img/navigation/chat-gray-new.png"; sourceTree = "<group>"; };
		78C398B01ACF4ADC00677621 /* RCTLinking.xcodeproj */ = {isa = PBXFileReference; lastKnownFileType = "wrapper.pb-project"; name = RCTLinking.xcodeproj; path = "../node_modules/react-native/Libraries/LinkingIOS/RCTLinking.xcodeproj"; sourceTree = "<group>"; };
		7A0B84DEB5514048976771E8 /* sad.png */ = {isa = PBXFileReference; explicitFileType = undefined; fileEncoding = 9; includeInIndex = 0; lastKnownFileType = unknown; name = sad.png; path = ../src/assets/img/sad.png; sourceTree = "<group>"; };
		7FA1F4E3D57124B4DDFDE750 /* libPods-JumboSmash.a */ = {isa = PBXFileReference; explicitFileType = archive.ar; includeInIndex = 0; path = "libPods-JumboSmash.a"; sourceTree = BUILT_PRODUCTS_DIR; };
		8072444B32CF43D4B727CB2B /* RCTImageResizer.xcodeproj */ = {isa = PBXFileReference; explicitFileType = undefined; fileEncoding = 9; includeInIndex = 0; lastKnownFileType = "wrapper.pb-project"; name = RCTImageResizer.xcodeproj; path = "../node_modules/react-native-image-resizer/ios/RCTImageResizer.xcodeproj"; sourceTree = "<group>"; };
		81928EE795C14BECBC713CC3 /* SMXCrashlytics.xcodeproj */ = {isa = PBXFileReference; explicitFileType = undefined; fileEncoding = 9; includeInIndex = 0; lastKnownFileType = "wrapper.pb-project"; name = SMXCrashlytics.xcodeproj; path = "../node_modules/react-native-fabric/ios/SMXCrashlytics.xcodeproj"; sourceTree = "<group>"; };
		823847545F6A41A4B3283451 /* exit.png */ = {isa = PBXFileReference; explicitFileType = undefined; fileEncoding = 9; includeInIndex = 0; lastKnownFileType = unknown; name = exit.png; path = ../src/assets/img/exit.png; sourceTree = "<group>"; };
		832341B01AAA6A8300B99B32 /* RCTText.xcodeproj */ = {isa = PBXFileReference; lastKnownFileType = "wrapper.pb-project"; name = RCTText.xcodeproj; path = "../node_modules/react-native/Libraries/Text/RCTText.xcodeproj"; sourceTree = "<group>"; };
		87384618D881474EA43C9CF0 /* libSMXCrashlytics.a */ = {isa = PBXFileReference; explicitFileType = undefined; fileEncoding = 9; includeInIndex = 0; lastKnownFileType = archive.ar; path = libSMXCrashlytics.a; sourceTree = "<group>"; };
		9204B32320A6439F0064A249 /* assets */ = {isa = PBXFileReference; lastKnownFileType = folder; name = assets; path = JumboSmash/assets; sourceTree = "<group>"; };
		9204B35920A6468A0064A249 /* main.jsbundle */ = {isa = PBXFileReference; fileEncoding = 4; lastKnownFileType = text; name = main.jsbundle; path = JumboSmash/main.jsbundle; sourceTree = "<group>"; };
		922FCE94207EF77600070931 /* JumboSmash.entitlements */ = {isa = PBXFileReference; lastKnownFileType = text.plist.entitlements; name = JumboSmash.entitlements; path = JumboSmash/JumboSmash.entitlements; sourceTree = "<group>"; };
		922FCE95207EF8C000070931 /* GoogleService-Info.plist */ = {isa = PBXFileReference; fileEncoding = 4; lastKnownFileType = text.plist.xml; path = "GoogleService-Info.plist"; sourceTree = "<group>"; };
		92F3588D1FD494950082C3BF /* Crashlytics.framework */ = {isa = PBXFileReference; lastKnownFileType = wrapper.framework; path = Crashlytics.framework; sourceTree = "<group>"; };
		92F3588E1FD494950082C3BF /* Fabric.framework */ = {isa = PBXFileReference; lastKnownFileType = wrapper.framework; path = Fabric.framework; sourceTree = "<group>"; };
		956D2BA7F160436187EC9D81 /* matchElephant.png */ = {isa = PBXFileReference; explicitFileType = undefined; fileEncoding = 9; includeInIndex = 0; lastKnownFileType = unknown; name = matchElephant.png; path = ../src/assets/img/matchElephant.png; sourceTree = "<group>"; };
		A5027A3055FF437F86A1E216 /* RNFirebase.xcodeproj */ = {isa = PBXFileReference; explicitFileType = undefined; fileEncoding = 9; includeInIndex = 0; lastKnownFileType = "wrapper.pb-project"; name = RNFirebase.xcodeproj; path = "../node_modules/react-native-firebase/ios/RNFirebase.xcodeproj"; sourceTree = "<group>"; };
		A648E3A651D14A2F8F8042DD /* cards-blue.png */ = {isa = PBXFileReference; explicitFileType = undefined; fileEncoding = 9; includeInIndex = 0; lastKnownFileType = unknown; name = "cards-blue.png"; path = "../src/assets/img/navigation/cards-blue.png"; sourceTree = "<group>"; };
		A90251EC16F543658C45F3A4 /* slide_1.png */ = {isa = PBXFileReference; explicitFileType = undefined; fileEncoding = 9; includeInIndex = 0; lastKnownFileType = unknown; name = slide_1.png; path = ../src/assets/img/tutorial/slide_1.png; sourceTree = "<group>"; };
		A9AE622EC59A73EFD9D0DEE0 /* libPods-JumboSmashTests.a */ = {isa = PBXFileReference; explicitFileType = archive.ar; includeInIndex = 0; path = "libPods-JumboSmashTests.a"; sourceTree = BUILT_PRODUCTS_DIR; };
		AD1AC58EABAF446380ECD71D /* Avenir-Medium.ttf */ = {isa = PBXFileReference; explicitFileType = undefined; fileEncoding = 9; includeInIndex = 0; lastKnownFileType = unknown; name = "Avenir-Medium.ttf"; path = "../src/assets/fonts/Avenir-Medium.ttf"; sourceTree = "<group>"; };
		ADBDB91F1DFEBF0600ED6528 /* RCTBlob.xcodeproj */ = {isa = PBXFileReference; lastKnownFileType = "wrapper.pb-project"; name = RCTBlob.xcodeproj; path = "../node_modules/react-native/Libraries/Blob/RCTBlob.xcodeproj"; sourceTree = "<group>"; };
		B32337F7C7C344F0B227BC77 /* chat-blue.png */ = {isa = PBXFileReference; explicitFileType = undefined; fileEncoding = 9; includeInIndex = 0; lastKnownFileType = unknown; name = "chat-blue.png"; path = "../src/assets/img/navigation/chat-blue.png"; sourceTree = "<group>"; };
		B779BE40CE3B4521B66E5E0E /* profile-gray.png */ = {isa = PBXFileReference; explicitFileType = undefined; fileEncoding = 9; includeInIndex = 0; lastKnownFileType = unknown; name = "profile-gray.png"; path = "../src/assets/img/navigation/profile-gray.png"; sourceTree = "<group>"; };
		BC1118CEDD31405AA7E0B0FF /* libReactNativePermissions.a */ = {isa = PBXFileReference; explicitFileType = undefined; fileEncoding = 9; includeInIndex = 0; lastKnownFileType = archive.ar; path = libReactNativePermissions.a; sourceTree = "<group>"; };
		BC7C7C963E6648FBBF88D29A /* location.png */ = {isa = PBXFileReference; explicitFileType = undefined; fileEncoding = 9; includeInIndex = 0; lastKnownFileType = unknown; name = location.png; path = ../src/assets/img/location.png; sourceTree = "<group>"; };
		C58C7086C56746FCA2DCA8FF /* cross.png */ = {isa = PBXFileReference; explicitFileType = undefined; fileEncoding = 9; includeInIndex = 0; lastKnownFileType = unknown; name = cross.png; path = ../src/assets/img/cross.png; sourceTree = "<group>"; };
		C8E070F39B8F4045BED91D28 /* libRNVectorIcons.a */ = {isa = PBXFileReference; explicitFileType = undefined; fileEncoding = 9; includeInIndex = 0; lastKnownFileType = archive.ar; path = libRNVectorIcons.a; sourceTree = "<group>"; };
		D35CF7E27F58456B9DD6654D /* cards-gray.png */ = {isa = PBXFileReference; explicitFileType = undefined; fileEncoding = 9; includeInIndex = 0; lastKnownFileType = unknown; name = "cards-gray.png"; path = "../src/assets/img/navigation/cards-gray.png"; sourceTree = "<group>"; };
		D55938E519CC4495A0E94FCA /* logo.jpeg */ = {isa = PBXFileReference; explicitFileType = undefined; fileEncoding = 9; includeInIndex = 0; lastKnownFileType = unknown; name = logo.jpeg; path = ../src/assets/img/logo.jpeg; sourceTree = "<group>"; };
		D5BD156C41A74DCEB3379EA4 /* Chalkduster.ttf */ = {isa = PBXFileReference; explicitFileType = undefined; fileEncoding = 9; includeInIndex = 0; lastKnownFileType = unknown; name = Chalkduster.ttf; path = ../src/assets/fonts/Chalkduster.ttf; sourceTree = "<group>"; };
		E16C4E1A115E1F4DAA53CEFB /* Pods-JumboSmash.debug.xcconfig */ = {isa = PBXFileReference; includeInIndex = 1; lastKnownFileType = text.xcconfig; name = "Pods-JumboSmash.debug.xcconfig"; path = "Pods/Target Support Files/Pods-JumboSmash/Pods-JumboSmash.debug.xcconfig"; sourceTree = "<group>"; };
		E3FCD788AD794E0E9C896716 /* ProximaNovaSoft-Bold.ttf */ = {isa = PBXFileReference; explicitFileType = undefined; fileEncoding = 9; includeInIndex = 0; lastKnownFileType = unknown; name = "ProximaNovaSoft-Bold.ttf"; path = "../src/assets/fonts/ProximaNovaSoft-Bold.ttf"; sourceTree = "<group>"; };
		E5692EFD01464FBEA43EC353 /* slide_3.png */ = {isa = PBXFileReference; explicitFileType = undefined; fileEncoding = 9; includeInIndex = 0; lastKnownFileType = unknown; name = slide_3.png; path = ../src/assets/img/tutorial/slide_3.png; sourceTree = "<group>"; };
		EA84D081328544AD80EEC8AE /* MaterialIcons.ttf */ = {isa = PBXFileReference; explicitFileType = undefined; fileEncoding = 9; includeInIndex = 0; lastKnownFileType = unknown; name = MaterialIcons.ttf; path = "../node_modules/react-native-vector-icons/Fonts/MaterialIcons.ttf"; sourceTree = "<group>"; };
		F10EDDC625A8462D9BBCF628 /* Avenir.ttf */ = {isa = PBXFileReference; explicitFileType = undefined; fileEncoding = 9; includeInIndex = 0; lastKnownFileType = unknown; name = Avenir.ttf; path = ../src/assets/fonts/Avenir.ttf; sourceTree = "<group>"; };
/* End PBXFileReference section */

/* Begin PBXFrameworksBuildPhase section */
		13B07F8C1A680F5B00A75B9A /* Frameworks */ = {
			isa = PBXFrameworksBuildPhase;
			buildActionMask = 2147483647;
			files = (
				92F358901FD494A20082C3BF /* Crashlytics.framework in Frameworks */,
				92F358911FD494A20082C3BF /* Fabric.framework in Frameworks */,
				ADBDB9381DFEBF1600ED6528 /* libRCTBlob.a in Frameworks */,
				5E9157361DD0AC6A00FF2AA8 /* libRCTAnimation.a in Frameworks */,
				146834051AC3E58100842450 /* libReact.a in Frameworks */,
				5E9157361DD0AC6A00FF2AA8 /* libRCTAnimation.a in Frameworks */,
				00C302E51ABCBA2D00DB3ED1 /* libRCTActionSheet.a in Frameworks */,
				00C302E71ABCBA2D00DB3ED1 /* libRCTGeolocation.a in Frameworks */,
				00C302E81ABCBA2D00DB3ED1 /* libRCTImage.a in Frameworks */,
				133E29F31AD74F7200F7D852 /* libRCTLinking.a in Frameworks */,
				00C302E91ABCBA2D00DB3ED1 /* libRCTNetwork.a in Frameworks */,
				139105C61AF99C1200B5F7CC /* libRCTSettings.a in Frameworks */,
				832341BD1AAA6AB300B99B32 /* libRCTText.a in Frameworks */,
				00C302EA1ABCBA2D00DB3ED1 /* libRCTVibration.a in Frameworks */,
				139FDEF61B0652A700C62182 /* libRCTWebSocket.a in Frameworks */,
				394720B0871E475197BB2AD5 /* libRNVectorIcons.a in Frameworks */,
				51754D3964ED498D89F53D07 /* libSMXCrashlytics.a in Frameworks */,
				61D75159D50F48E29DA60A6B /* libBVLinearGradient.a in Frameworks */,
				5E9EF6BBDA234A6CABCB8789 /* libRNImagePicker.a in Frameworks */,
				E043142E243C498CBE948EC0 /* libRCTImageResizer.a in Frameworks */,
				F4FC6DDCFB40416E8D81E714 /* libRNFS.a in Frameworks */,
				930C6F6773C5482B9425760E /* libReactNativePermissions.a in Frameworks */,
				2B2E59A57E3C484EA42D02DF /* libRCTCamera.a in Frameworks */,
				FB622050EEFC3650C1D39EEB /* libPods-JumboSmash.a in Frameworks */,
				64CD26F37B534E01A1C49A22 /* libRNFirebase.a in Frameworks */,
			);
			runOnlyForDeploymentPostprocessing = 0;
		};
/* End PBXFrameworksBuildPhase section */

/* Begin PBXGroup section */
		00C302A81ABCB8CE00DB3ED1 /* Products */ = {
			isa = PBXGroup;
			children = (
				00C302AC1ABCB8CE00DB3ED1 /* libRCTActionSheet.a */,
			);
			name = Products;
			sourceTree = "<group>";
		};
		00C302B61ABCB90400DB3ED1 /* Products */ = {
			isa = PBXGroup;
			children = (
				00C302BA1ABCB90400DB3ED1 /* libRCTGeolocation.a */,
			);
			name = Products;
			sourceTree = "<group>";
		};
		00C302BC1ABCB91800DB3ED1 /* Products */ = {
			isa = PBXGroup;
			children = (
				00C302C01ABCB91800DB3ED1 /* libRCTImage.a */,
				3DAD3E841DF850E9000B6D8A /* libRCTImage-tvOS.a */,
			);
			name = Products;
			sourceTree = "<group>";
		};
		00C302D41ABCB9D200DB3ED1 /* Products */ = {
			isa = PBXGroup;
			children = (
				00C302DC1ABCB9D200DB3ED1 /* libRCTNetwork.a */,
				3DAD3E8C1DF850E9000B6D8A /* libRCTNetwork-tvOS.a */,
			);
			name = Products;
			sourceTree = "<group>";
		};
		00C302E01ABCB9EE00DB3ED1 /* Products */ = {
			isa = PBXGroup;
			children = (
				00C302E41ABCB9EE00DB3ED1 /* libRCTVibration.a */,
			);
			name = Products;
			sourceTree = "<group>";
		};
		046864FB4E2BB4D1D0492893 /* Pods */ = {
			isa = PBXGroup;
			children = (
				E16C4E1A115E1F4DAA53CEFB /* Pods-JumboSmash.debug.xcconfig */,
				466A70ADC092D71AE4FE04E5 /* Pods-JumboSmash.release.xcconfig */,
			);
			name = Pods;
			sourceTree = "<group>";
		};
		139105B71AF99BAD00B5F7CC /* Products */ = {
			isa = PBXGroup;
			children = (
				139105C11AF99BAD00B5F7CC /* libRCTSettings.a */,
				3DAD3E901DF850E9000B6D8A /* libRCTSettings-tvOS.a */,
			);
			name = Products;
			sourceTree = "<group>";
		};
		139FDEE71B06529A00C62182 /* Products */ = {
			isa = PBXGroup;
			children = (
				139FDEF41B06529B00C62182 /* libRCTWebSocket.a */,
				3DAD3E991DF850E9000B6D8A /* libRCTWebSocket-tvOS.a */,
				92F358841FD493BD0082C3BF /* libfishhook.a */,
				92F358861FD493BD0082C3BF /* libfishhook-tvOS.a */,
			);
			name = Products;
			sourceTree = "<group>";
		};
		13B07FAE1A68108700A75B9A /* JumboSmash */ = {
			isa = PBXGroup;
			children = (
				9204B32320A6439F0064A249 /* assets */,
				9204B35920A6468A0064A249 /* main.jsbundle */,
				922FCE94207EF77600070931 /* JumboSmash.entitlements */,
				008F07F21AC5B25A0029DE68 /* main.jsbundle */,
				922FCE95207EF8C000070931 /* GoogleService-Info.plist */,
				13B07FAF1A68108700A75B9A /* AppDelegate.h */,
				13B07FB01A68108700A75B9A /* AppDelegate.m */,
				13B07FB51A68108700A75B9A /* Images.xcassets */,
				13B07FB61A68108700A75B9A /* Info.plist */,
				13B07FB71A68108700A75B9A /* main.m */,
			);
			name = JumboSmash;
			sourceTree = "<group>";
		};
		146834001AC3E56700842450 /* Products */ = {
			isa = PBXGroup;
			children = (
				146834041AC3E56700842450 /* libReact.a */,
				3DAD3EA31DF850E9000B6D8A /* libReact.a */,
				3DAD3EA51DF850E9000B6D8A /* libyoga.a */,
				3DAD3EA71DF850E9000B6D8A /* libyoga.a */,
				3DAD3EA91DF850E9000B6D8A /* libcxxreact.a */,
				3DAD3EAB1DF850E9000B6D8A /* libcxxreact.a */,
				3DAD3EAD1DF850E9000B6D8A /* libjschelpers.a */,
				3DAD3EAF1DF850E9000B6D8A /* libjschelpers.a */,
				92F358C31FD495BF0082C3BF /* libthird-party.a */,
				92F358C51FD495BF0082C3BF /* libthird-party.a */,
				92F358C71FD495BF0082C3BF /* libdouble-conversion.a */,
				92F358C91FD495BF0082C3BF /* libdouble-conversion.a */,
				92F358CB1FD495BF0082C3BF /* libprivatedata.a */,
				92F358CD1FD495BF0082C3BF /* libprivatedata-tvOS.a */,
			);
			name = Products;
			sourceTree = "<group>";
		};
		295C90EB06C544F0912D1EC8 /* Resources */ = {
			isa = PBXGroup;
			children = (
				55BA4C95F3AD4140937880BE /* Entypo.ttf */,
				522E05978F5D4ABBACC8C0FF /* EvilIcons.ttf */,
				5B51A9384858421C924B93EF /* Feather.ttf */,
				102399F384F642ACB45C033B /* FontAwesome.ttf */,
				012E3993A1F7480CBBF1F053 /* Foundation.ttf */,
				1DA89FC0A88F4C56A0351865 /* Ionicons.ttf */,
				1B89C52F38A94BC395C97188 /* MaterialCommunityIcons.ttf */,
				EA84D081328544AD80EEC8AE /* MaterialIcons.ttf */,
				0FB20617A739404C83BE971D /* Octicons.ttf */,
				03924ED61D9C4E5886785BAA /* SimpleLineIcons.ttf */,
				130DCE8A31054C379FF21C5F /* Zocial.ttf */,
				64997D4E5CE04084B49F09D1 /* Avenir.ttc */,
				D5BD156C41A74DCEB3379EA4 /* Chalkduster.ttf */,
				F10EDDC625A8462D9BBCF628 /* Avenir.ttf */,
				287B47CD9DCF42BF8E8E9C33 /* Avenir-Book.ttf */,
				665905F85DCC4151881BD4AE /* Avenir-Heavy.ttf */,
				AD1AC58EABAF446380ECD71D /* Avenir-Medium.ttf */,
				E3FCD788AD794E0E9C896716 /* ProximaNovaSoft-Bold.ttf */,
				74BBFF0B83B44D9EB5EB1B60 /* ProximaNovaSoft-Medium.ttf */,
				6D3B741ED936435DA325B233 /* ProximaNovaSoft-Regular.ttf */,
				5FEC1FB19A5C489A80F9D4A2 /* ProximaNovaSoft-Semibold.ttf */,
				C58C7086C56746FCA2DCA8FF /* cross.png */,
				26658E1579F147A7B67D4C0D /* hash.png */,
				661B2D51E4054B73AE2E3BE4 /* jumbo2018.png */,
				A648E3A651D14A2F8F8042DD /* cards-blue.png */,
				D35CF7E27F58456B9DD6654D /* cards-gray.png */,
				B32337F7C7C344F0B227BC77 /* chat-blue.png */,
				76C9194B047141ED85D7C428 /* chat-gray-new.png */,
				3E987224E1424833858F8125 /* chat-gray.png */,
				2A82BDFB4E5B4FE5B32871CD /* profile-blue.png */,
				B779BE40CE3B4521B66E5E0E /* profile-gray.png */,
				A90251EC16F543658C45F3A4 /* slide_1.png */,
				71433B7CD18A40CCB0AEF104 /* slide_2.png */,
				E5692EFD01464FBEA43EC353 /* slide_3.png */,
				5FFD5CDBA59B4CFDBF1ADEB5 /* butt.png */,
				BC7C7C963E6648FBBF88D29A /* location.png */,
				D55938E519CC4495A0E94FCA /* logo.jpeg */,
				956D2BA7F160436187EC9D81 /* matchElephant.png */,
				2D32813B2D41467A9C123568 /* reload.png */,
				7A0B84DEB5514048976771E8 /* sad.png */,
				823847545F6A41A4B3283451 /* exit.png */,
				2133B6475BFA438F9C44284C /* heart.png */,
				57B66B44C6ED488EBA53E4BB /* swap.png */,
			);
			name = Resources;
			sourceTree = "<group>";
		};
		5E91572E1DD0AC6500FF2AA8 /* Products */ = {
			isa = PBXGroup;
			children = (
				5E9157331DD0AC6500FF2AA8 /* libRCTAnimation.a */,
				5E9157351DD0AC6500FF2AA8 /* libRCTAnimation.a */,
			);
			name = Products;
			sourceTree = "<group>";
		};
		5FA5744E204310B900432F6C /* Products */ = {
			isa = PBXGroup;
			children = (
				5FA57453204310BA00432F6C /* libBVLinearGradient.a */,
				5FA57455204310BA00432F6C /* libBVLinearGradient.a */,
			);
			name = Products;
			sourceTree = "<group>";
		};
		78C398B11ACF4ADC00677621 /* Products */ = {
			isa = PBXGroup;
			children = (
				78C398B91ACF4ADC00677621 /* libRCTLinking.a */,
				3DAD3E881DF850E9000B6D8A /* libRCTLinking-tvOS.a */,
			);
			name = Products;
			sourceTree = "<group>";
		};
		832341AE1AAA6A7D00B99B32 /* Libraries */ = {
			isa = PBXGroup;
			children = (
				5E91572D1DD0AC6500FF2AA8 /* RCTAnimation.xcodeproj */,
				146833FF1AC3E56700842450 /* React.xcodeproj */,
				00C302A71ABCB8CE00DB3ED1 /* RCTActionSheet.xcodeproj */,
				ADBDB91F1DFEBF0600ED6528 /* RCTBlob.xcodeproj */,
				00C302B51ABCB90400DB3ED1 /* RCTGeolocation.xcodeproj */,
				00C302BB1ABCB91800DB3ED1 /* RCTImage.xcodeproj */,
				78C398B01ACF4ADC00677621 /* RCTLinking.xcodeproj */,
				00C302D31ABCB9D200DB3ED1 /* RCTNetwork.xcodeproj */,
				139105B61AF99BAD00B5F7CC /* RCTSettings.xcodeproj */,
				832341B01AAA6A8300B99B32 /* RCTText.xcodeproj */,
				00C302DF1ABCB9EE00DB3ED1 /* RCTVibration.xcodeproj */,
				139FDEE61B06529A00C62182 /* RCTWebSocket.xcodeproj */,
				54641E95C03945CBA7AB33B4 /* RNVectorIcons.xcodeproj */,
				81928EE795C14BECBC713CC3 /* SMXCrashlytics.xcodeproj */,
				226A5E06D64E4B0C9F432611 /* BVLinearGradient.xcodeproj */,
				0C5C65DB014F40F8AF4E5FB8 /* RNImagePicker.xcodeproj */,
				8072444B32CF43D4B727CB2B /* RCTImageResizer.xcodeproj */,
				5B77EA51C5D14F5E84A98E32 /* RNFS.xcodeproj */,
				2AE6DB4BF637437CAF78406D /* ReactNativePermissions.xcodeproj */,
				20AA174B15754B1BB3347142 /* RCTCamera.xcodeproj */,
				A5027A3055FF437F86A1E216 /* RNFirebase.xcodeproj */,
			);
			name = Libraries;
			sourceTree = "<group>";
		};
		832341B11AAA6A8300B99B32 /* Products */ = {
			isa = PBXGroup;
			children = (
				832341B51AAA6A8300B99B32 /* libRCTText.a */,
				3DAD3E941DF850E9000B6D8A /* libRCTText-tvOS.a */,
			);
			name = Products;
			sourceTree = "<group>";
		};
		83CBB9F61A601CBA00E9B192 = {
			isa = PBXGroup;
			children = (
				92F3588D1FD494950082C3BF /* Crashlytics.framework */,
				92F3588E1FD494950082C3BF /* Fabric.framework */,
				13B07FAE1A68108700A75B9A /* JumboSmash */,
				832341AE1AAA6A7D00B99B32 /* Libraries */,
				83CBBA001A601CBA00E9B192 /* Products */,
				295C90EB06C544F0912D1EC8 /* Resources */,
				92F3586B1FD493B80082C3BF /* Recovered References */,
				92F3588F1FD494A20082C3BF /* Frameworks */,
				046864FB4E2BB4D1D0492893 /* Pods */,
			);
			indentWidth = 2;
			sourceTree = "<group>";
			tabWidth = 2;
			usesTabs = 0;
		};
		83CBBA001A601CBA00E9B192 /* Products */ = {
			isa = PBXGroup;
			children = (
				13B07F961A680F5B00A75B9A /* JumboSmash.app */,
			);
			name = Products;
			sourceTree = "<group>";
		};
		9204E91820322AF3002C4563 /* Products */ = {
			isa = PBXGroup;
			children = (
				9204E91D20322AF3002C4563 /* libBVLinearGradient.a */,
				9204E91F20322AF3002C4563 /* libBVLinearGradient.a */,
			);
			name = Products;
			sourceTree = "<group>";
		};
		920A2B56207EF39A000A2792 /* Products */ = {
			isa = PBXGroup;
			children = (
				920A2B5A207EF39A000A2792 /* libRNFirebase.a */,
			);
			name = Products;
			sourceTree = "<group>";
		};
		921D9685205C506C00B79C79 /* Products */ = {
			isa = PBXGroup;
			children = (
				921D9692205C506C00B79C79 /* libReactNativePermissions.a */,
			);
			name = Products;
			sourceTree = "<group>";
		};
		921D9687205C506C00B79C79 /* Products */ = {
			isa = PBXGroup;
			children = (
				921D9696205C506C00B79C79 /* libRNFS.a */,
				921D9698205C506C00B79C79 /* libRNFS.a */,
			);
			name = Products;
			sourceTree = "<group>";
		};
		921D9689205C506C00B79C79 /* Products */ = {
			isa = PBXGroup;
			children = (
				921D968F205C506C00B79C79 /* libRCTImageResizer.a */,
			);
			name = Products;
			sourceTree = "<group>";
		};
		921D968B205C506C00B79C79 /* Products */ = {
			isa = PBXGroup;
			children = (
				921D969B205C506C00B79C79 /* libRNImagePicker.a */,
			);
			name = Products;
			sourceTree = "<group>";
		};
		921D96E1205C507300B79C79 /* Products */ = {
			isa = PBXGroup;
			children = (
				921D96EA205C507300B79C79 /* libRCTCamera.a */,
			);
			name = Products;
			sourceTree = "<group>";
		};
		92F3586B1FD493B80082C3BF /* Recovered References */ = {
			isa = PBXGroup;
			children = (
				C8E070F39B8F4045BED91D28 /* libRNVectorIcons.a */,
				87384618D881474EA43C9CF0 /* libSMXCrashlytics.a */,
				426624FB379E4D1C8AB5045C /* libBVLinearGradient.a */,
				58FEFC0FCCA2436C94F1196E /* libBVLinearGradient.a */,
				50E6477E02E641A4AD5FC168 /* libRNImagePicker.a */,
				35797F6D9019402595EE2500 /* libRCTImageResizer.a */,
				331FF9E7A7BF44FE9A509846 /* libRNFS.a */,
				BC1118CEDD31405AA7E0B0FF /* libReactNativePermissions.a */,
				1EFF57D89B6944C2812CAB22 /* libRCTCamera.a */,
				2671DC898DFA4FAC81D25376 /* libRNFirebase.a */,
			);
			name = "Recovered References";
			sourceTree = "<group>";
		};
		92F358871FD493BD0082C3BF /* Products */ = {
			isa = PBXGroup;
			children = (
				92F3588B1FD493BD0082C3BF /* libRNVectorIcons.a */,
			);
			name = Products;
			sourceTree = "<group>";
		};
		92F3588F1FD494A20082C3BF /* Frameworks */ = {
			isa = PBXGroup;
			children = (
				7FA1F4E3D57124B4DDFDE750 /* libPods-JumboSmash.a */,
				0D454D6304F42498C2FC01C2 /* libPods-JumboSmash-tvOSTests.a */,
				A9AE622EC59A73EFD9D0DEE0 /* libPods-JumboSmashTests.a */,
			);
			name = Frameworks;
			sourceTree = "<group>";
		};
		92F358CF1FD495BF0082C3BF /* Products */ = {
			isa = PBXGroup;
			children = (
				92F358D41FD495BF0082C3BF /* libSMXCrashlytics.a */,
				92F358D61FD495BF0082C3BF /* libSMXCrashlytics.a */,
			);
			name = Products;
			sourceTree = "<group>";
		};
		ADBDB9201DFEBF0600ED6528 /* Products */ = {
			isa = PBXGroup;
			children = (
				ADBDB9271DFEBF0700ED6528 /* libRCTBlob.a */,
				92F358721FD493BD0082C3BF /* libRCTBlob-tvOS.a */,
			);
			name = Products;
			sourceTree = "<group>";
		};
/* End PBXGroup section */

/* Begin PBXNativeTarget section */
		13B07F861A680F5B00A75B9A /* JumboSmash */ = {
			isa = PBXNativeTarget;
			buildConfigurationList = 13B07F931A680F5B00A75B9A /* Build configuration list for PBXNativeTarget "JumboSmash" */;
			buildPhases = (
				54A9DDFD8B834A6D5C8B4AEE /* [CP] Check Pods Manifest.lock */,
				13B07F871A680F5B00A75B9A /* Sources */,
				13B07F8C1A680F5B00A75B9A /* Frameworks */,
				13B07F8E1A680F5B00A75B9A /* Resources */,
				00DD1BFF1BD5951E006B06BC /* Bundle React Native code and images */,
				92F3588C1FD493D30082C3BF /* Integrate Fabric */,
				C1624622115D350205CCFB91 /* [CP] Embed Pods Frameworks */,
				A2D9E722E8D2A0663F1325FB /* [CP] Copy Pods Resources */,
			);
			buildRules = (
			);
			dependencies = (
			);
			name = JumboSmash;
			productName = "Hello World";
			productReference = 13B07F961A680F5B00A75B9A /* JumboSmash.app */;
			productType = "com.apple.product-type.application";
		};
/* End PBXNativeTarget section */

/* Begin PBXProject section */
		83CBB9F71A601CBA00E9B192 /* Project object */ = {
			isa = PBXProject;
			attributes = {
				LastUpgradeCheck = 610;
				ORGANIZATIONNAME = Facebook;
				TargetAttributes = {
					13B07F861A680F5B00A75B9A = {
						DevelopmentTeam = 57PN98NXS9;
						ProvisioningStyle = Automatic;
						SystemCapabilities = {
							com.apple.BackgroundModes = {
								enabled = 1;
							};
							com.apple.Push = {
								enabled = 1;
							};
						};
					};
				};
			};
			buildConfigurationList = 83CBB9FA1A601CBA00E9B192 /* Build configuration list for PBXProject "JumboSmash" */;
			compatibilityVersion = "Xcode 3.2";
			developmentRegion = English;
			hasScannedForEncodings = 0;
			knownRegions = (
				en,
				Base,
			);
			mainGroup = 83CBB9F61A601CBA00E9B192;
			productRefGroup = 83CBBA001A601CBA00E9B192 /* Products */;
			projectDirPath = "";
			projectReferences = (
				{
					ProductGroup = 9204E91820322AF3002C4563 /* Products */;
					ProjectRef = 563A9DC950764541B3772B3C /* BVLinearGradient.xcodeproj */;
				},
				{
					ProductGroup = 5FA5744E204310B900432F6C /* Products */;
					ProjectRef = 226A5E06D64E4B0C9F432611 /* BVLinearGradient.xcodeproj */;
				},
				{
					ProductGroup = 00C302A81ABCB8CE00DB3ED1 /* Products */;
					ProjectRef = 00C302A71ABCB8CE00DB3ED1 /* RCTActionSheet.xcodeproj */;
				},
				{
					ProductGroup = 5E91572E1DD0AC6500FF2AA8 /* Products */;
					ProjectRef = 5E91572D1DD0AC6500FF2AA8 /* RCTAnimation.xcodeproj */;
				},
				{
					ProductGroup = ADBDB9201DFEBF0600ED6528 /* Products */;
					ProjectRef = ADBDB91F1DFEBF0600ED6528 /* RCTBlob.xcodeproj */;
				},
				{
					ProductGroup = 921D96E1205C507300B79C79 /* Products */;
					ProjectRef = 20AA174B15754B1BB3347142 /* RCTCamera.xcodeproj */;
				},
				{
					ProductGroup = 00C302B61ABCB90400DB3ED1 /* Products */;
					ProjectRef = 00C302B51ABCB90400DB3ED1 /* RCTGeolocation.xcodeproj */;
				},
				{
					ProductGroup = 00C302BC1ABCB91800DB3ED1 /* Products */;
					ProjectRef = 00C302BB1ABCB91800DB3ED1 /* RCTImage.xcodeproj */;
				},
				{
					ProductGroup = 921D9689205C506C00B79C79 /* Products */;
					ProjectRef = 8072444B32CF43D4B727CB2B /* RCTImageResizer.xcodeproj */;
				},
				{
					ProductGroup = 78C398B11ACF4ADC00677621 /* Products */;
					ProjectRef = 78C398B01ACF4ADC00677621 /* RCTLinking.xcodeproj */;
				},
				{
					ProductGroup = 00C302D41ABCB9D200DB3ED1 /* Products */;
					ProjectRef = 00C302D31ABCB9D200DB3ED1 /* RCTNetwork.xcodeproj */;
				},
				{
					ProductGroup = 139105B71AF99BAD00B5F7CC /* Products */;
					ProjectRef = 139105B61AF99BAD00B5F7CC /* RCTSettings.xcodeproj */;
				},
				{
					ProductGroup = 832341B11AAA6A8300B99B32 /* Products */;
					ProjectRef = 832341B01AAA6A8300B99B32 /* RCTText.xcodeproj */;
				},
				{
					ProductGroup = 00C302E01ABCB9EE00DB3ED1 /* Products */;
					ProjectRef = 00C302DF1ABCB9EE00DB3ED1 /* RCTVibration.xcodeproj */;
				},
				{
					ProductGroup = 139FDEE71B06529A00C62182 /* Products */;
					ProjectRef = 139FDEE61B06529A00C62182 /* RCTWebSocket.xcodeproj */;
				},
				{
					ProductGroup = 146834001AC3E56700842450 /* Products */;
					ProjectRef = 146833FF1AC3E56700842450 /* React.xcodeproj */;
				},
				{
					ProductGroup = 921D9685205C506C00B79C79 /* Products */;
					ProjectRef = 2AE6DB4BF637437CAF78406D /* ReactNativePermissions.xcodeproj */;
				},
				{
					ProductGroup = 920A2B56207EF39A000A2792 /* Products */;
					ProjectRef = A5027A3055FF437F86A1E216 /* RNFirebase.xcodeproj */;
				},
				{
					ProductGroup = 921D9687205C506C00B79C79 /* Products */;
					ProjectRef = 5B77EA51C5D14F5E84A98E32 /* RNFS.xcodeproj */;
				},
				{
					ProductGroup = 921D968B205C506C00B79C79 /* Products */;
					ProjectRef = 0C5C65DB014F40F8AF4E5FB8 /* RNImagePicker.xcodeproj */;
				},
				{
					ProductGroup = 92F358871FD493BD0082C3BF /* Products */;
					ProjectRef = 54641E95C03945CBA7AB33B4 /* RNVectorIcons.xcodeproj */;
				},
				{
					ProductGroup = 92F358CF1FD495BF0082C3BF /* Products */;
					ProjectRef = 81928EE795C14BECBC713CC3 /* SMXCrashlytics.xcodeproj */;
				},
			);
			projectRoot = "";
			targets = (
				13B07F861A680F5B00A75B9A /* JumboSmash */,
			);
		};
/* End PBXProject section */

/* Begin PBXReferenceProxy section */
		00C302AC1ABCB8CE00DB3ED1 /* libRCTActionSheet.a */ = {
			isa = PBXReferenceProxy;
			fileType = archive.ar;
			path = libRCTActionSheet.a;
			remoteRef = 00C302AB1ABCB8CE00DB3ED1 /* PBXContainerItemProxy */;
			sourceTree = BUILT_PRODUCTS_DIR;
		};
		00C302BA1ABCB90400DB3ED1 /* libRCTGeolocation.a */ = {
			isa = PBXReferenceProxy;
			fileType = archive.ar;
			path = libRCTGeolocation.a;
			remoteRef = 00C302B91ABCB90400DB3ED1 /* PBXContainerItemProxy */;
			sourceTree = BUILT_PRODUCTS_DIR;
		};
		00C302C01ABCB91800DB3ED1 /* libRCTImage.a */ = {
			isa = PBXReferenceProxy;
			fileType = archive.ar;
			path = libRCTImage.a;
			remoteRef = 00C302BF1ABCB91800DB3ED1 /* PBXContainerItemProxy */;
			sourceTree = BUILT_PRODUCTS_DIR;
		};
		00C302DC1ABCB9D200DB3ED1 /* libRCTNetwork.a */ = {
			isa = PBXReferenceProxy;
			fileType = archive.ar;
			path = libRCTNetwork.a;
			remoteRef = 00C302DB1ABCB9D200DB3ED1 /* PBXContainerItemProxy */;
			sourceTree = BUILT_PRODUCTS_DIR;
		};
		00C302E41ABCB9EE00DB3ED1 /* libRCTVibration.a */ = {
			isa = PBXReferenceProxy;
			fileType = archive.ar;
			path = libRCTVibration.a;
			remoteRef = 00C302E31ABCB9EE00DB3ED1 /* PBXContainerItemProxy */;
			sourceTree = BUILT_PRODUCTS_DIR;
		};
		139105C11AF99BAD00B5F7CC /* libRCTSettings.a */ = {
			isa = PBXReferenceProxy;
			fileType = archive.ar;
			path = libRCTSettings.a;
			remoteRef = 139105C01AF99BAD00B5F7CC /* PBXContainerItemProxy */;
			sourceTree = BUILT_PRODUCTS_DIR;
		};
		139FDEF41B06529B00C62182 /* libRCTWebSocket.a */ = {
			isa = PBXReferenceProxy;
			fileType = archive.ar;
			path = libRCTWebSocket.a;
			remoteRef = 139FDEF31B06529B00C62182 /* PBXContainerItemProxy */;
			sourceTree = BUILT_PRODUCTS_DIR;
		};
		146834041AC3E56700842450 /* libReact.a */ = {
			isa = PBXReferenceProxy;
			fileType = archive.ar;
			path = libReact.a;
			remoteRef = 146834031AC3E56700842450 /* PBXContainerItemProxy */;
			sourceTree = BUILT_PRODUCTS_DIR;
		};
		3DAD3E841DF850E9000B6D8A /* libRCTImage-tvOS.a */ = {
			isa = PBXReferenceProxy;
			fileType = archive.ar;
			path = "libRCTImage-tvOS.a";
			remoteRef = 3DAD3E831DF850E9000B6D8A /* PBXContainerItemProxy */;
			sourceTree = BUILT_PRODUCTS_DIR;
		};
		3DAD3E881DF850E9000B6D8A /* libRCTLinking-tvOS.a */ = {
			isa = PBXReferenceProxy;
			fileType = archive.ar;
			path = "libRCTLinking-tvOS.a";
			remoteRef = 3DAD3E871DF850E9000B6D8A /* PBXContainerItemProxy */;
			sourceTree = BUILT_PRODUCTS_DIR;
		};
		3DAD3E8C1DF850E9000B6D8A /* libRCTNetwork-tvOS.a */ = {
			isa = PBXReferenceProxy;
			fileType = archive.ar;
			path = "libRCTNetwork-tvOS.a";
			remoteRef = 3DAD3E8B1DF850E9000B6D8A /* PBXContainerItemProxy */;
			sourceTree = BUILT_PRODUCTS_DIR;
		};
		3DAD3E901DF850E9000B6D8A /* libRCTSettings-tvOS.a */ = {
			isa = PBXReferenceProxy;
			fileType = archive.ar;
			path = "libRCTSettings-tvOS.a";
			remoteRef = 3DAD3E8F1DF850E9000B6D8A /* PBXContainerItemProxy */;
			sourceTree = BUILT_PRODUCTS_DIR;
		};
		3DAD3E941DF850E9000B6D8A /* libRCTText-tvOS.a */ = {
			isa = PBXReferenceProxy;
			fileType = archive.ar;
			path = "libRCTText-tvOS.a";
			remoteRef = 3DAD3E931DF850E9000B6D8A /* PBXContainerItemProxy */;
			sourceTree = BUILT_PRODUCTS_DIR;
		};
		3DAD3E991DF850E9000B6D8A /* libRCTWebSocket-tvOS.a */ = {
			isa = PBXReferenceProxy;
			fileType = archive.ar;
			path = "libRCTWebSocket-tvOS.a";
			remoteRef = 3DAD3E981DF850E9000B6D8A /* PBXContainerItemProxy */;
			sourceTree = BUILT_PRODUCTS_DIR;
		};
		3DAD3EA31DF850E9000B6D8A /* libReact.a */ = {
			isa = PBXReferenceProxy;
			fileType = archive.ar;
			path = libReact.a;
			remoteRef = 3DAD3EA21DF850E9000B6D8A /* PBXContainerItemProxy */;
			sourceTree = BUILT_PRODUCTS_DIR;
		};
		3DAD3EA51DF850E9000B6D8A /* libyoga.a */ = {
			isa = PBXReferenceProxy;
			fileType = archive.ar;
			path = libyoga.a;
			remoteRef = 3DAD3EA41DF850E9000B6D8A /* PBXContainerItemProxy */;
			sourceTree = BUILT_PRODUCTS_DIR;
		};
		3DAD3EA71DF850E9000B6D8A /* libyoga.a */ = {
			isa = PBXReferenceProxy;
			fileType = archive.ar;
			path = libyoga.a;
			remoteRef = 3DAD3EA61DF850E9000B6D8A /* PBXContainerItemProxy */;
			sourceTree = BUILT_PRODUCTS_DIR;
		};
		3DAD3EA91DF850E9000B6D8A /* libcxxreact.a */ = {
			isa = PBXReferenceProxy;
			fileType = archive.ar;
			path = libcxxreact.a;
			remoteRef = 3DAD3EA81DF850E9000B6D8A /* PBXContainerItemProxy */;
			sourceTree = BUILT_PRODUCTS_DIR;
		};
		3DAD3EAB1DF850E9000B6D8A /* libcxxreact.a */ = {
			isa = PBXReferenceProxy;
			fileType = archive.ar;
			path = libcxxreact.a;
			remoteRef = 3DAD3EAA1DF850E9000B6D8A /* PBXContainerItemProxy */;
			sourceTree = BUILT_PRODUCTS_DIR;
		};
		3DAD3EAD1DF850E9000B6D8A /* libjschelpers.a */ = {
			isa = PBXReferenceProxy;
			fileType = archive.ar;
			path = libjschelpers.a;
			remoteRef = 3DAD3EAC1DF850E9000B6D8A /* PBXContainerItemProxy */;
			sourceTree = BUILT_PRODUCTS_DIR;
		};
		3DAD3EAF1DF850E9000B6D8A /* libjschelpers.a */ = {
			isa = PBXReferenceProxy;
			fileType = archive.ar;
			path = libjschelpers.a;
			remoteRef = 3DAD3EAE1DF850E9000B6D8A /* PBXContainerItemProxy */;
			sourceTree = BUILT_PRODUCTS_DIR;
		};
		5E9157331DD0AC6500FF2AA8 /* libRCTAnimation.a */ = {
			isa = PBXReferenceProxy;
			fileType = archive.ar;
			path = libRCTAnimation.a;
			remoteRef = 5E9157321DD0AC6500FF2AA8 /* PBXContainerItemProxy */;
			sourceTree = BUILT_PRODUCTS_DIR;
		};
		5E9157351DD0AC6500FF2AA8 /* libRCTAnimation.a */ = {
			isa = PBXReferenceProxy;
			fileType = archive.ar;
			path = libRCTAnimation.a;
			remoteRef = 5E9157341DD0AC6500FF2AA8 /* PBXContainerItemProxy */;
			sourceTree = BUILT_PRODUCTS_DIR;
		};
		5FA57453204310BA00432F6C /* libBVLinearGradient.a */ = {
			isa = PBXReferenceProxy;
			fileType = archive.ar;
			path = libBVLinearGradient.a;
			remoteRef = 5FA57452204310BA00432F6C /* PBXContainerItemProxy */;
			sourceTree = BUILT_PRODUCTS_DIR;
		};
		5FA57455204310BA00432F6C /* libBVLinearGradient.a */ = {
			isa = PBXReferenceProxy;
			fileType = archive.ar;
			path = libBVLinearGradient.a;
			remoteRef = 5FA57454204310BA00432F6C /* PBXContainerItemProxy */;
			sourceTree = BUILT_PRODUCTS_DIR;
		};
		78C398B91ACF4ADC00677621 /* libRCTLinking.a */ = {
			isa = PBXReferenceProxy;
			fileType = archive.ar;
			path = libRCTLinking.a;
			remoteRef = 78C398B81ACF4ADC00677621 /* PBXContainerItemProxy */;
			sourceTree = BUILT_PRODUCTS_DIR;
		};
		832341B51AAA6A8300B99B32 /* libRCTText.a */ = {
			isa = PBXReferenceProxy;
			fileType = archive.ar;
			path = libRCTText.a;
			remoteRef = 832341B41AAA6A8300B99B32 /* PBXContainerItemProxy */;
			sourceTree = BUILT_PRODUCTS_DIR;
		};
		9204E91D20322AF3002C4563 /* libBVLinearGradient.a */ = {
			isa = PBXReferenceProxy;
			fileType = archive.ar;
			path = libBVLinearGradient.a;
			remoteRef = 9204E91C20322AF3002C4563 /* PBXContainerItemProxy */;
			sourceTree = BUILT_PRODUCTS_DIR;
		};
		9204E91F20322AF3002C4563 /* libBVLinearGradient.a */ = {
			isa = PBXReferenceProxy;
			fileType = archive.ar;
			path = libBVLinearGradient.a;
			remoteRef = 9204E91E20322AF3002C4563 /* PBXContainerItemProxy */;
			sourceTree = BUILT_PRODUCTS_DIR;
		};
		920A2B5A207EF39A000A2792 /* libRNFirebase.a */ = {
			isa = PBXReferenceProxy;
			fileType = archive.ar;
			path = libRNFirebase.a;
			remoteRef = 920A2B59207EF39A000A2792 /* PBXContainerItemProxy */;
			sourceTree = BUILT_PRODUCTS_DIR;
		};
		921D968F205C506C00B79C79 /* libRCTImageResizer.a */ = {
			isa = PBXReferenceProxy;
			fileType = archive.ar;
			path = libRCTImageResizer.a;
			remoteRef = 921D968E205C506C00B79C79 /* PBXContainerItemProxy */;
			sourceTree = BUILT_PRODUCTS_DIR;
		};
		921D9692205C506C00B79C79 /* libReactNativePermissions.a */ = {
			isa = PBXReferenceProxy;
			fileType = archive.ar;
			path = libReactNativePermissions.a;
			remoteRef = 921D9691205C506C00B79C79 /* PBXContainerItemProxy */;
			sourceTree = BUILT_PRODUCTS_DIR;
		};
		921D9696205C506C00B79C79 /* libRNFS.a */ = {
			isa = PBXReferenceProxy;
			fileType = archive.ar;
			path = libRNFS.a;
			remoteRef = 921D9695205C506C00B79C79 /* PBXContainerItemProxy */;
			sourceTree = BUILT_PRODUCTS_DIR;
		};
		921D9698205C506C00B79C79 /* libRNFS.a */ = {
			isa = PBXReferenceProxy;
			fileType = archive.ar;
			path = libRNFS.a;
			remoteRef = 921D9697205C506C00B79C79 /* PBXContainerItemProxy */;
			sourceTree = BUILT_PRODUCTS_DIR;
		};
		921D969B205C506C00B79C79 /* libRNImagePicker.a */ = {
			isa = PBXReferenceProxy;
			fileType = archive.ar;
			path = libRNImagePicker.a;
			remoteRef = 921D969A205C506C00B79C79 /* PBXContainerItemProxy */;
			sourceTree = BUILT_PRODUCTS_DIR;
		};
		921D96EA205C507300B79C79 /* libRCTCamera.a */ = {
			isa = PBXReferenceProxy;
			fileType = archive.ar;
			path = libRCTCamera.a;
			remoteRef = 921D96E9205C507300B79C79 /* PBXContainerItemProxy */;
			sourceTree = BUILT_PRODUCTS_DIR;
		};
		92F358721FD493BD0082C3BF /* libRCTBlob-tvOS.a */ = {
			isa = PBXReferenceProxy;
			fileType = archive.ar;
			path = "libRCTBlob-tvOS.a";
			remoteRef = 92F358711FD493BD0082C3BF /* PBXContainerItemProxy */;
			sourceTree = BUILT_PRODUCTS_DIR;
		};
		92F358841FD493BD0082C3BF /* libfishhook.a */ = {
			isa = PBXReferenceProxy;
			fileType = archive.ar;
			path = libfishhook.a;
			remoteRef = 92F358831FD493BD0082C3BF /* PBXContainerItemProxy */;
			sourceTree = BUILT_PRODUCTS_DIR;
		};
		92F358861FD493BD0082C3BF /* libfishhook-tvOS.a */ = {
			isa = PBXReferenceProxy;
			fileType = archive.ar;
			path = "libfishhook-tvOS.a";
			remoteRef = 92F358851FD493BD0082C3BF /* PBXContainerItemProxy */;
			sourceTree = BUILT_PRODUCTS_DIR;
		};
		92F3588B1FD493BD0082C3BF /* libRNVectorIcons.a */ = {
			isa = PBXReferenceProxy;
			fileType = archive.ar;
			path = libRNVectorIcons.a;
			remoteRef = 92F3588A1FD493BD0082C3BF /* PBXContainerItemProxy */;
			sourceTree = BUILT_PRODUCTS_DIR;
		};
		92F358C31FD495BF0082C3BF /* libthird-party.a */ = {
			isa = PBXReferenceProxy;
			fileType = archive.ar;
			path = "libthird-party.a";
			remoteRef = 92F358C21FD495BF0082C3BF /* PBXContainerItemProxy */;
			sourceTree = BUILT_PRODUCTS_DIR;
		};
		92F358C51FD495BF0082C3BF /* libthird-party.a */ = {
			isa = PBXReferenceProxy;
			fileType = archive.ar;
			path = "libthird-party.a";
			remoteRef = 92F358C41FD495BF0082C3BF /* PBXContainerItemProxy */;
			sourceTree = BUILT_PRODUCTS_DIR;
		};
		92F358C71FD495BF0082C3BF /* libdouble-conversion.a */ = {
			isa = PBXReferenceProxy;
			fileType = archive.ar;
			path = "libdouble-conversion.a";
			remoteRef = 92F358C61FD495BF0082C3BF /* PBXContainerItemProxy */;
			sourceTree = BUILT_PRODUCTS_DIR;
		};
		92F358C91FD495BF0082C3BF /* libdouble-conversion.a */ = {
			isa = PBXReferenceProxy;
			fileType = archive.ar;
			path = "libdouble-conversion.a";
			remoteRef = 92F358C81FD495BF0082C3BF /* PBXContainerItemProxy */;
			sourceTree = BUILT_PRODUCTS_DIR;
		};
		92F358CB1FD495BF0082C3BF /* libprivatedata.a */ = {
			isa = PBXReferenceProxy;
			fileType = archive.ar;
			path = libprivatedata.a;
			remoteRef = 92F358CA1FD495BF0082C3BF /* PBXContainerItemProxy */;
			sourceTree = BUILT_PRODUCTS_DIR;
		};
		92F358CD1FD495BF0082C3BF /* libprivatedata-tvOS.a */ = {
			isa = PBXReferenceProxy;
			fileType = archive.ar;
			path = "libprivatedata-tvOS.a";
			remoteRef = 92F358CC1FD495BF0082C3BF /* PBXContainerItemProxy */;
			sourceTree = BUILT_PRODUCTS_DIR;
		};
		92F358D41FD495BF0082C3BF /* libSMXCrashlytics.a */ = {
			isa = PBXReferenceProxy;
			fileType = archive.ar;
			path = libSMXCrashlytics.a;
			remoteRef = 92F358D31FD495BF0082C3BF /* PBXContainerItemProxy */;
			sourceTree = BUILT_PRODUCTS_DIR;
		};
		92F358D61FD495BF0082C3BF /* libSMXCrashlytics.a */ = {
			isa = PBXReferenceProxy;
			fileType = archive.ar;
			path = libSMXCrashlytics.a;
			remoteRef = 92F358D51FD495BF0082C3BF /* PBXContainerItemProxy */;
			sourceTree = BUILT_PRODUCTS_DIR;
		};
		ADBDB9271DFEBF0700ED6528 /* libRCTBlob.a */ = {
			isa = PBXReferenceProxy;
			fileType = archive.ar;
			path = libRCTBlob.a;
			remoteRef = ADBDB9261DFEBF0700ED6528 /* PBXContainerItemProxy */;
			sourceTree = BUILT_PRODUCTS_DIR;
		};
/* End PBXReferenceProxy section */

/* Begin PBXResourcesBuildPhase section */
		13B07F8E1A680F5B00A75B9A /* Resources */ = {
			isa = PBXResourcesBuildPhase;
			buildActionMask = 2147483647;
			files = (
				13B07FBF1A68108700A75B9A /* Images.xcassets in Resources */,
				D2DAF1ADE4414C0F9E78BB1B /* Entypo.ttf in Resources */,
				DFA7191B05064A54A7190E9C /* EvilIcons.ttf in Resources */,
				A9A2CF3AE8D54F37A22F7DC7 /* Feather.ttf in Resources */,
				A19E6663DF0343BA8AA46DD0 /* FontAwesome.ttf in Resources */,
				35B8C53DE39A434380D9C5FB /* Foundation.ttf in Resources */,
				046D8A269FD5488F96D917F6 /* Ionicons.ttf in Resources */,
				3862A5BFE7264BA683848EF9 /* MaterialCommunityIcons.ttf in Resources */,
				8E69FFC32056410A8DF26D2A /* MaterialIcons.ttf in Resources */,
				66325B3A33D94A258CE9C132 /* Octicons.ttf in Resources */,
				12A59BA09FCF4579A92B9054 /* SimpleLineIcons.ttf in Resources */,
				9FB7A89A63E04BE7A456C42D /* Zocial.ttf in Resources */,
				922FCE96207EF8C000070931 /* GoogleService-Info.plist in Resources */,
				9204B35B20A6468A0064A249 /* main.jsbundle in Resources */,
				50C3519366314DFB88A7F42F /* Chalkduster.ttf in Resources */,
				E5C335437166403686FE2691 /* ProximaNovaSoft-Bold.ttf in Resources */,
				022C2554B5E342D9812AEAA1 /* ProximaNovaSoft-Medium.ttf in Resources */,
				CE215472710A46EFB688E5DE /* ProximaNovaSoft-Regular.ttf in Resources */,
				F1EC278D4B204E42AC4DB953 /* ProximaNovaSoft-Semibold.ttf in Resources */,
				9204B35620A6439F0064A249 /* assets in Resources */,
				CC73B03396834A06AF9FD3E8 /* cross.png in Resources */,
				89E8C2109E604D6397FF9986 /* hash.png in Resources */,
				77F8736792AD49C7B210C632 /* jumbo2018.png in Resources */,
				9121FE9E00204ADFA088C700 /* cards-blue.png in Resources */,
				48B95316EB574081B8A17E01 /* cards-gray.png in Resources */,
				B3CD9599DAFB43BAAAA9EBB5 /* chat-blue.png in Resources */,
				6981ECB43D864AE58008BC8A /* chat-gray-new.png in Resources */,
				F38214764DF84F9F925CEEB0 /* chat-gray.png in Resources */,
				B50DAA8D26214D9090BC9B35 /* profile-blue.png in Resources */,
				2014018D1E6F42AAA0943BC8 /* profile-gray.png in Resources */,
				AF382BA61422461BB806E2EA /* slide_1.png in Resources */,
				9C18E7BAB32B48A58DE60873 /* slide_2.png in Resources */,
				B0CF38E82DC248ED9AC9FC4A /* slide_3.png in Resources */,
				30D0679074DB44F1B56645E8 /* butt.png in Resources */,
				C28A68DCDAEE46D081080547 /* location.png in Resources */,
				91F985EC77FA42F9904D04FE /* logo.jpeg in Resources */,
				C7E025585EDF400B99564DD2 /* matchElephant.png in Resources */,
				89203891AE984D95ACA2974F /* reload.png in Resources */,
				1C8C471AE630423080842248 /* sad.png in Resources */,
				85E6AC1BB3BE407CA779F84C /* exit.png in Resources */,
				A00F5E64D89A43CCB4762772 /* heart.png in Resources */,
				A0332B71EED44976A01DB179 /* swap.png in Resources */,
			);
			runOnlyForDeploymentPostprocessing = 0;
		};
/* End PBXResourcesBuildPhase section */

/* Begin PBXShellScriptBuildPhase section */
		00DD1BFF1BD5951E006B06BC /* Bundle React Native code and images */ = {
			isa = PBXShellScriptBuildPhase;
			buildActionMask = 2147483647;
			files = (
			);
			inputPaths = (
			);
			name = "Bundle React Native code and images";
			outputPaths = (
			);
			runOnlyForDeploymentPostprocessing = 0;
			shellPath = /bin/sh;
			shellScript = "export NODE_BINARY=node\n../node_modules/react-native/scripts/react-native-xcode.sh";
		};
		54A9DDFD8B834A6D5C8B4AEE /* [CP] Check Pods Manifest.lock */ = {
			isa = PBXShellScriptBuildPhase;
			buildActionMask = 2147483647;
			files = (
			);
			inputPaths = (
				"${PODS_PODFILE_DIR_PATH}/Podfile.lock",
				"${PODS_ROOT}/Manifest.lock",
			);
			name = "[CP] Check Pods Manifest.lock";
			outputPaths = (
				"$(DERIVED_FILE_DIR)/Pods-JumboSmash-checkManifestLockResult.txt",
			);
			runOnlyForDeploymentPostprocessing = 0;
			shellPath = /bin/sh;
			shellScript = "diff \"${PODS_PODFILE_DIR_PATH}/Podfile.lock\" \"${PODS_ROOT}/Manifest.lock\" > /dev/null\nif [ $? != 0 ] ; then\n    # print error to STDERR\n    echo \"error: The sandbox is not in sync with the Podfile.lock. Run 'pod install' or update your CocoaPods installation.\" >&2\n    exit 1\nfi\n# This output is used by Xcode 'outputs' to avoid re-running this script phase.\necho \"SUCCESS\" > \"${SCRIPT_OUTPUT_FILE_0}\"\n";
			showEnvVarsInLog = 0;
		};
		92F3588C1FD493D30082C3BF /* Integrate Fabric */ = {
			isa = PBXShellScriptBuildPhase;
			buildActionMask = 2147483647;
			files = (
			);
			inputPaths = (
			);
			name = "Integrate Fabric";
			outputPaths = (
			);
			runOnlyForDeploymentPostprocessing = 0;
			shellPath = /bin/sh;
			shellScript = "./Fabric.framework/run cbea489a1770e24c95ad0c94aa43bf6166bb777e d6f898bcad315e41fc8e458a0388ccc45e9fa351027f35e8480013936567fffa";
		};
		A2D9E722E8D2A0663F1325FB /* [CP] Copy Pods Resources */ = {
			isa = PBXShellScriptBuildPhase;
			buildActionMask = 2147483647;
			files = (
			);
			inputPaths = (
				"${SRCROOT}/Pods/Target Support Files/Pods-JumboSmash/Pods-JumboSmash-resources.sh",
				$PODS_CONFIGURATION_BUILD_DIR/QBImagePickerController/QBImagePicker.bundle,
				"${PODS_ROOT}/RSKImageCropper/RSKImageCropper/RSKImageCropperStrings.bundle",
			);
			name = "[CP] Copy Pods Resources";
			outputPaths = (
				"${TARGET_BUILD_DIR}/${UNLOCALIZED_RESOURCES_FOLDER_PATH}",
			);
			runOnlyForDeploymentPostprocessing = 0;
			shellPath = /bin/sh;
			shellScript = "\"${SRCROOT}/Pods/Target Support Files/Pods-JumboSmash/Pods-JumboSmash-resources.sh\"\n";
			showEnvVarsInLog = 0;
		};
		C1624622115D350205CCFB91 /* [CP] Embed Pods Frameworks */ = {
			isa = PBXShellScriptBuildPhase;
			buildActionMask = 2147483647;
			files = (
			);
			inputPaths = (
			);
			name = "[CP] Embed Pods Frameworks";
			outputPaths = (
			);
			runOnlyForDeploymentPostprocessing = 0;
			shellPath = /bin/sh;
			shellScript = "\"${SRCROOT}/Pods/Target Support Files/Pods-JumboSmash/Pods-JumboSmash-frameworks.sh\"\n";
			showEnvVarsInLog = 0;
		};
/* End PBXShellScriptBuildPhase section */

/* Begin PBXSourcesBuildPhase section */
		13B07F871A680F5B00A75B9A /* Sources */ = {
			isa = PBXSourcesBuildPhase;
			buildActionMask = 2147483647;
			files = (
				13B07FBC1A68108700A75B9A /* AppDelegate.m in Sources */,
				13B07FC11A68108700A75B9A /* main.m in Sources */,
			);
			runOnlyForDeploymentPostprocessing = 0;
		};
/* End PBXSourcesBuildPhase section */

/* Begin XCBuildConfiguration section */
		13B07F941A680F5B00A75B9A /* Debug */ = {
			isa = XCBuildConfiguration;
			baseConfigurationReference = E16C4E1A115E1F4DAA53CEFB /* Pods-JumboSmash.debug.xcconfig */;
			buildSettings = {
				ASSETCATALOG_COMPILER_APPICON_NAME = AppIcon;
				ASSETCATALOG_COMPILER_LAUNCHIMAGE_NAME = LaunchImage;
				CODE_SIGN_ENTITLEMENTS = JumboSmash/JumboSmash.entitlements;
				CODE_SIGN_IDENTITY = "iPhone Developer";
				"CODE_SIGN_IDENTITY[sdk=iphoneos*]" = "iPhone Developer";
				CODE_SIGN_STYLE = Automatic;
				CURRENT_PROJECT_VERSION = 1;
				DEAD_CODE_STRIPPING = NO;
				DEVELOPMENT_TEAM = 57PN98NXS9;
				FRAMEWORK_SEARCH_PATHS = (
					"$(inherited)",
					"$(PROJECT_DIR)",
				);
				HEADER_SEARCH_PATHS = (
					"$(inherited)",
					"$(SRCROOT)/../node_modules/react-native-vector-icons/RNVectorIconsManager",
					"$(SRCROOT)/../node_modules/react-native-fabric/ios/SMXCrashlytics",
					"$(SRCROOT)/../node_modules/react-native-linear-gradient/BVLinearGradient",
					"$(SRCROOT)/../node_modules/react-native-image-picker/ios",
					"$(SRCROOT)/../node_modules/react-native-image-resizer/ios/RCTImageResizer",
					"$(SRCROOT)/../node_modules/react-native-fs/**",
					"$(SRCROOT)/../node_modules/react-native-permissions/ios/**",
					"$(SRCROOT)/../node_modules/react-native-camera/ios",
					"$(SRCROOT)/../node_modules/react-native-firebase/ios/RNFirebase/**",
				);
				INFOPLIST_FILE = JumboSmash/Info.plist;
				LD_RUNPATH_SEARCH_PATHS = "$(inherited) @executable_path/Frameworks";
				OTHER_LDFLAGS = (
					"$(inherited)",
					"-ObjC",
					"-lc++",
				);
				PRODUCT_BUNDLE_IDENTIFIER = com.jumbosmash2018;
				PRODUCT_NAME = JumboSmash;
				PROVISIONING_PROFILE = "";
				PROVISIONING_PROFILE_SPECIFIER = "";
				VERSIONING_SYSTEM = "apple-generic";
			};
			name = Debug;
		};
		13B07F951A680F5B00A75B9A /* Release */ = {
			isa = XCBuildConfiguration;
			baseConfigurationReference = 466A70ADC092D71AE4FE04E5 /* Pods-JumboSmash.release.xcconfig */;
			buildSettings = {
				ASSETCATALOG_COMPILER_APPICON_NAME = AppIcon;
				ASSETCATALOG_COMPILER_LAUNCHIMAGE_NAME = LaunchImage;
				CODE_SIGN_ENTITLEMENTS = JumboSmash/JumboSmash.entitlements;
				CODE_SIGN_IDENTITY = "iPhone Developer";
				"CODE_SIGN_IDENTITY[sdk=iphoneos*]" = "iPhone Developer";
				CODE_SIGN_STYLE = Automatic;
				CURRENT_PROJECT_VERSION = 1;
				DEVELOPMENT_TEAM = 57PN98NXS9;
				FRAMEWORK_SEARCH_PATHS = (
					"$(inherited)",
					"$(PROJECT_DIR)",
				);
				HEADER_SEARCH_PATHS = (
					"$(inherited)",
					"$(SRCROOT)/../node_modules/react-native-vector-icons/RNVectorIconsManager",
					"$(SRCROOT)/../node_modules/react-native-fabric/ios/SMXCrashlytics",
					"$(SRCROOT)/../node_modules/react-native-linear-gradient/BVLinearGradient",
					"$(SRCROOT)/../node_modules/react-native-image-picker/ios",
					"$(SRCROOT)/../node_modules/react-native-image-resizer/ios/RCTImageResizer",
					"$(SRCROOT)/../node_modules/react-native-fs/**",
					"$(SRCROOT)/../node_modules/react-native-permissions/ios/**",
					"$(SRCROOT)/../node_modules/react-native-camera/ios",
					"$(SRCROOT)/../node_modules/react-native-firebase/ios/RNFirebase/**",
				);
				INFOPLIST_FILE = JumboSmash/Info.plist;
				LD_RUNPATH_SEARCH_PATHS = "$(inherited) @executable_path/Frameworks";
				OTHER_LDFLAGS = (
					"$(inherited)",
					"-ObjC",
					"-lc++",
				);
				PRODUCT_BUNDLE_IDENTIFIER = com.jumbosmash2018;
				PRODUCT_NAME = JumboSmash;
				PROVISIONING_PROFILE_SPECIFIER = "";
				VERSIONING_SYSTEM = "apple-generic";
			};
			name = Release;
		};
		83CBBA201A601CBA00E9B192 /* Debug */ = {
			isa = XCBuildConfiguration;
			buildSettings = {
				ALWAYS_SEARCH_USER_PATHS = NO;
				CLANG_CXX_LANGUAGE_STANDARD = "gnu++0x";
				CLANG_CXX_LIBRARY = "libc++";
				CLANG_ENABLE_MODULES = YES;
				CLANG_ENABLE_OBJC_ARC = YES;
				CLANG_WARN_BOOL_CONVERSION = YES;
				CLANG_WARN_CONSTANT_CONVERSION = YES;
				CLANG_WARN_DIRECT_OBJC_ISA_USAGE = YES_ERROR;
				CLANG_WARN_EMPTY_BODY = YES;
				CLANG_WARN_ENUM_CONVERSION = YES;
				CLANG_WARN_INT_CONVERSION = YES;
				CLANG_WARN_OBJC_ROOT_CLASS = YES_ERROR;
				CLANG_WARN_UNREACHABLE_CODE = YES;
				CLANG_WARN__DUPLICATE_METHOD_MATCH = YES;
				"CODE_SIGN_IDENTITY[sdk=iphoneos*]" = "iPhone Developer";
				COPY_PHASE_STRIP = NO;
				ENABLE_STRICT_OBJC_MSGSEND = YES;
				GCC_C_LANGUAGE_STANDARD = gnu99;
				GCC_DYNAMIC_NO_PIC = NO;
				GCC_OPTIMIZATION_LEVEL = 0;
				GCC_PREPROCESSOR_DEFINITIONS = (
					"DEBUG=1",
					"$(inherited)",
				);
				GCC_SYMBOLS_PRIVATE_EXTERN = NO;
				GCC_WARN_64_TO_32_BIT_CONVERSION = YES;
				GCC_WARN_ABOUT_RETURN_TYPE = YES_ERROR;
				GCC_WARN_UNDECLARED_SELECTOR = YES;
				GCC_WARN_UNINITIALIZED_AUTOS = YES_AGGRESSIVE;
				GCC_WARN_UNUSED_FUNCTION = YES;
				GCC_WARN_UNUSED_VARIABLE = YES;
				IPHONEOS_DEPLOYMENT_TARGET = 8.0;
				MTL_ENABLE_DEBUG_INFO = YES;
				ONLY_ACTIVE_ARCH = YES;
				SDKROOT = iphoneos;
			};
			name = Debug;
		};
		83CBBA211A601CBA00E9B192 /* Release */ = {
			isa = XCBuildConfiguration;
			buildSettings = {
				ALWAYS_SEARCH_USER_PATHS = NO;
				CLANG_CXX_LANGUAGE_STANDARD = "gnu++0x";
				CLANG_CXX_LIBRARY = "libc++";
				CLANG_ENABLE_MODULES = YES;
				CLANG_ENABLE_OBJC_ARC = YES;
				CLANG_WARN_BOOL_CONVERSION = YES;
				CLANG_WARN_CONSTANT_CONVERSION = YES;
				CLANG_WARN_DIRECT_OBJC_ISA_USAGE = YES_ERROR;
				CLANG_WARN_EMPTY_BODY = YES;
				CLANG_WARN_ENUM_CONVERSION = YES;
				CLANG_WARN_INT_CONVERSION = YES;
				CLANG_WARN_OBJC_ROOT_CLASS = YES_ERROR;
				CLANG_WARN_UNREACHABLE_CODE = YES;
				CLANG_WARN__DUPLICATE_METHOD_MATCH = YES;
				"CODE_SIGN_IDENTITY[sdk=iphoneos*]" = "iPhone Developer";
				COPY_PHASE_STRIP = YES;
				ENABLE_NS_ASSERTIONS = NO;
				ENABLE_STRICT_OBJC_MSGSEND = YES;
				GCC_C_LANGUAGE_STANDARD = gnu99;
				GCC_WARN_64_TO_32_BIT_CONVERSION = YES;
				GCC_WARN_ABOUT_RETURN_TYPE = YES_ERROR;
				GCC_WARN_UNDECLARED_SELECTOR = YES;
				GCC_WARN_UNINITIALIZED_AUTOS = YES_AGGRESSIVE;
				GCC_WARN_UNUSED_FUNCTION = YES;
				GCC_WARN_UNUSED_VARIABLE = YES;
				IPHONEOS_DEPLOYMENT_TARGET = 8.0;
				MTL_ENABLE_DEBUG_INFO = NO;
				SDKROOT = iphoneos;
				VALIDATE_PRODUCT = YES;
			};
			name = Release;
		};
/* End XCBuildConfiguration section */

/* Begin XCConfigurationList section */
		13B07F931A680F5B00A75B9A /* Build configuration list for PBXNativeTarget "JumboSmash" */ = {
			isa = XCConfigurationList;
			buildConfigurations = (
				13B07F941A680F5B00A75B9A /* Debug */,
				13B07F951A680F5B00A75B9A /* Release */,
			);
			defaultConfigurationIsVisible = 0;
			defaultConfigurationName = Release;
		};
		83CBB9FA1A601CBA00E9B192 /* Build configuration list for PBXProject "JumboSmash" */ = {
			isa = XCConfigurationList;
			buildConfigurations = (
				83CBBA201A601CBA00E9B192 /* Debug */,
				83CBBA211A601CBA00E9B192 /* Release */,
			);
			defaultConfigurationIsVisible = 0;
			defaultConfigurationName = Release;
		};
/* End XCConfigurationList section */
	};
	rootObject = 83CBB9F71A601CBA00E9B192 /* Project object */;
}
